<?xml version="1.0" encoding="utf-8"?>
<Project ToolsVersion="4.0" xmlns="http://schemas.microsoft.com/developer/msbuild/2003">
  <ItemGroup>
    <Filter Include="Components">
      <UniqueIdentifier>{6B7DD516-5735-1764-C03C-F0BFAC13B254}</UniqueIdentifier>
    </Filter>
    <Filter Include="Components\Audio">
      <UniqueIdentifier>{AC2F53F1-9828-7243-C15A-57C8ADB2514F}</UniqueIdentifier>
    </Filter>
    <Filter Include="Components\Network">
      <UniqueIdentifier>{E49A6957-D07E-2AAD-39DF-240025E2142F}</UniqueIdentifier>
    </Filter>
    <Filter Include="Network">
      <UniqueIdentifier>{8F6A0D6C-FB49-8C07-0462-17DE70C0F268}</UniqueIdentifier>
    </Filter>
  </ItemGroup>
  <ItemGroup>
    <ClInclude Include="src\Components\Animator.h">
      <Filter>Components</Filter>
    </ClInclude>
    <ClInclude Include="src\Components\Audio\AudioSource.h">
      <Filter>Components\Audio</Filter>
    </ClInclude>
    <ClInclude Include="src\Components\Camera.h">
      <Filter>Components</Filter>
    </ClInclude>
    <ClInclude Include="src\Components\CameraComponent.h">
      <Filter>Components</Filter>
    </ClInclude>
    <ClInclude Include="src\Components\ChildComponent.h">
      <Filter>Components</Filter>
    </ClInclude>
    <ClInclude Include="src\Components\Component.h">
      <Filter>Components</Filter>
    </ClInclude>
    <ClInclude Include="src\Components\Components.hpp">
      <Filter>Components</Filter>
    </ClInclude>
    <ClInclude Include="src\Components\NativeScriptComponent.h">
      <Filter>Components</Filter>
    </ClInclude>
    <ClInclude Include="src\Components\Network\NetworkComponent.h">
      <Filter>Components\Network</Filter>
    </ClInclude>
    <ClInclude Include="src\Components\RandomMoverComponent.h">
      <Filter>Components</Filter>
    </ClInclude>
    <ClInclude Include="src\Components\Rotater.h">
      <Filter>Components</Filter>
    </ClInclude>
    <ClInclude Include="src\Components\ScriptableEntity.h">
      <Filter>Components</Filter>
    </ClInclude>
    <ClInclude Include="src\Network\NetworkSettings.h">
      <Filter>Network</Filter>
    </ClInclude>
    <ClInclude Include="src\framework.h" />
    <ClInclude Include="src\pch.h" />
  </ItemGroup>
  <ItemGroup>
    <ClCompile Include="src\Components\CameraComponent.cpp">
      <Filter>Components</Filter>
    </ClCompile>
    <ClCompile Include="src\Components\Component.cpp">
      <Filter>Components</Filter>
    </ClCompile>
    <ClCompile Include="src\Components\Network\NetworkComponent.cpp">
      <Filter>Components\Network</Filter>
    </ClCompile>
    <ClCompile Include="src\Components\RandomMoverComponent.cpp">
      <Filter>Components</Filter>
    </ClCompile>
    <ClCompile Include="src\Components\ScriptableEntity.cpp">
      <Filter>Components</Filter>
    </ClCompile>
    <ClCompile Include="src\pch.cpp" />
  </ItemGroup>
</Project>