<?xml version="1.0" encoding="utf-8"?>
<Project ToolsVersion="4.0" xmlns="http://schemas.microsoft.com/developer/msbuild/2003">
  <ItemGroup>
    <Filter Include="src">
      <UniqueIdentifier>{2DAB880B-99B4-887C-2230-9F7C8E38947C}</UniqueIdentifier>
    </Filter>
    <Filter Include="src\Renderer">
      <UniqueIdentifier>{73D1DFBF-5F34-6F64-08BA-A71AF4FB3AE7}</UniqueIdentifier>
    </Filter>
    <Filter Include="src\Renderer\AssetHandlers">
      <UniqueIdentifier>{F3937D37-DFA3-2908-485D-8E26348C18A1}</UniqueIdentifier>
    </Filter>
    <Filter Include="src\Renderer\Audio">
      <UniqueIdentifier>{B4699E3D-A04D-5F93-09AE-59E6F5B04915}</UniqueIdentifier>
    </Filter>
    <Filter Include="src\Renderer\Debugger">
      <UniqueIdentifier>{276522EC-93D1-DDE6-5CC5-7544C8F0FF4E}</UniqueIdentifier>
    </Filter>
    <Filter Include="src\Renderer\EngineSettings">
      <UniqueIdentifier>{894AB9F0-F557-E7D6-7E3E-E3C1EA4AB38D}</UniqueIdentifier>
    </Filter>
    <Filter Include="src\Renderer\Framework">
      <UniqueIdentifier>{B0F900F9-9CF3-294B-8560-C05B71F98FB7}</UniqueIdentifier>
    </Filter>
    <Filter Include="src\Renderer\Input">
      <UniqueIdentifier>{B28B2B3E-9E6F-EC93-07D0-E6E6F3D2D615}</UniqueIdentifier>
    </Filter>
    <Filter Include="src\Renderer\Light">
      <UniqueIdentifier>{5AEF5E3E-46D3-1F94-AF33-1AE79B360A16}</UniqueIdentifier>
    </Filter>
    <Filter Include="src\Renderer\Managers">
      <UniqueIdentifier>{B0E41D21-1C51-D91B-E544-71795170FB83}</UniqueIdentifier>
    </Filter>
    <Filter Include="src\Renderer\Managers\Commands">
      <UniqueIdentifier>{F1C50381-DDEB-CDE7-C631-53B3B2F6F2B3}</UniqueIdentifier>
    </Filter>
    <Filter Include="src\Renderer\Model">
      <UniqueIdentifier>{F344743E-DF28-3594-4889-2FE7348C1F16}</UniqueIdentifier>
    </Filter>
    <Filter Include="src\Renderer\Particles">
      <UniqueIdentifier>{09C2AD02-F5BB-D654-DE28-6D65CAC13CC1}</UniqueIdentifier>
    </Filter>
    <Filter Include="src\Renderer\Render">
      <UniqueIdentifier>{8230F717-EE91-D425-77FF-1AD8E35F0BE5}</UniqueIdentifier>
    </Filter>
    <Filter Include="src\Renderer\Scene">
      <UniqueIdentifier>{D048DA3E-BC2C-9B94-258D-95E711908516}</UniqueIdentifier>
    </Filter>
    <Filter Include="src\Renderer\Types">
      <UniqueIdentifier>{579FF83E-4383-B994-ACE3-B3E798E6A316}</UniqueIdentifier>
    </Filter>
  </ItemGroup>
  <ItemGroup>
    <ClInclude Include="MetaAssetHandler.h" />
    <ClInclude Include="src\EngineSettingDefines.h">
      <Filter>src</Filter>
    </ClInclude>
    <ClInclude Include="src\GraphicsEngine.pch.h">
      <Filter>src</Filter>
    </ClInclude>
    <ClInclude Include="src\Renderer\AssetHandlers\DDSTextureLoader11.h">
      <Filter>src\Renderer\AssetHandlers</Filter>
    </ClInclude>
    <ClInclude Include="src\Renderer\AssetHandlers\LightAssetHandler.h">
      <Filter>src\Renderer\AssetHandlers</Filter>
    </ClInclude>
    <ClInclude Include="src\Renderer\AssetHandlers\ModelAssetHandler.h">
      <Filter>src\Renderer\AssetHandlers</Filter>
    </ClInclude>
    <ClInclude Include="src\Renderer\AssetHandlers\ParticleAssetHandler.h">
      <Filter>src\Renderer\AssetHandlers</Filter>
    </ClInclude>
    <ClInclude Include="src\Renderer\AssetHandlers\TextureAssetHandler.h">
      <Filter>src\Renderer\AssetHandlers</Filter>
    </ClInclude>
    <ClInclude Include="src\Renderer\Audio\Audio.h">
      <Filter>src\Renderer\Audio</Filter>
    </ClInclude>
    <ClInclude Include="src\Renderer\Audio\AudioManager.h">
      <Filter>src\Renderer\Audio</Filter>
    </ClInclude>
    <ClInclude Include="src\Renderer\Debugger\ConsoleHelper.h">
      <Filter>src\Renderer\Debugger</Filter>
    </ClInclude>
    <ClInclude Include="src\Renderer\EngineSettings\Settings.h">
      <Filter>src\Renderer\EngineSettings</Filter>
    </ClInclude>
    <ClInclude Include="src\Renderer\Framework\DX11.h">
      <Filter>src\Renderer\Framework</Filter>
    </ClInclude>
    <ClInclude Include="src\Renderer\GraphicsEngine.h">
      <Filter>src\Renderer</Filter>
    </ClInclude>
    <ClInclude Include="src\Renderer\Input\Input.h">
      <Filter>src\Renderer\Input</Filter>
    </ClInclude>
    <ClInclude Include="src\Renderer\Light\DirectionalLight.h">
      <Filter>src\Renderer\Light</Filter>
    </ClInclude>
    <ClInclude Include="src\Renderer\Light\EnvironmentLight.h">
      <Filter>src\Renderer\Light</Filter>
    </ClInclude>
    <ClInclude Include="src\Renderer\Light\Light.h">
      <Filter>src\Renderer\Light</Filter>
    </ClInclude>
    <ClInclude Include="src\Renderer\Light\PointLight.h">
      <Filter>src\Renderer\Light</Filter>
    </ClInclude>
    <ClInclude Include="src\Renderer\Light\SpotLight.h">
      <Filter>src\Renderer\Light</Filter>
    </ClInclude>
    <ClInclude Include="src\Renderer\Managers\CommandManager.h">
      <Filter>src\Renderer\Managers</Filter>
    </ClInclude>
    <ClInclude Include="src\Renderer\Managers\Commands\AbstractCommand.h">
      <Filter>src\Renderer\Managers\Commands</Filter>
    </ClInclude>
    <ClInclude Include="src\Renderer\Managers\Commands\InspectorCommnad.h">
      <Filter>src\Renderer\Managers\Commands</Filter>
    </ClInclude>
    <ClInclude Include="src\Renderer\Managers\Commands\ModelCommand.h">
      <Filter>src\Renderer\Managers\Commands</Filter>
    </ClInclude>
    <ClInclude Include="src\Renderer\Managers\Commands\PositionCommand.h">
      <Filter>src\Renderer\Managers\Commands</Filter>
    </ClInclude>
    <ClInclude Include="src\Renderer\Managers\DropManager.h">
      <Filter>src\Renderer\Managers</Filter>
    </ClInclude>
    <ClInclude Include="src\Renderer\Managers\ThreadPool.h">
      <Filter>src\Renderer\Managers</Filter>
    </ClInclude>
    <ClInclude Include="src\Renderer\Managers\ThreadPool.hpp">
      <Filter>src\Renderer\Managers</Filter>
    </ClInclude>
    <ClInclude Include="src\Renderer\Model\Entity.h">
      <Filter>src\Renderer\Model</Filter>
    </ClInclude>
    <ClInclude Include="src\Renderer\Model\Material.h">
      <Filter>src\Renderer\Model</Filter>
    </ClInclude>
    <ClInclude Include="src\Renderer\Model\Model.h">
      <Filter>src\Renderer\Model</Filter>
    </ClInclude>
    <ClInclude Include="src\Renderer\Model\ModelData.h">
      <Filter>src\Renderer\Model</Filter>
    </ClInclude>
    <ClInclude Include="src\Renderer\Model\ModelInstance.h">
      <Filter>src\Renderer\Model</Filter>
    </ClInclude>
    <ClInclude Include="src\Renderer\Model\Render2D.h">
      <Filter>src\Renderer\Model</Filter>
    </ClInclude>
    <ClInclude Include="src\Renderer\Model\SceneObject.h">
      <Filter>src\Renderer\Model</Filter>
    </ClInclude>
    <ClInclude Include="src\Renderer\Model\SelectedObject.hpp">
      <Filter>src\Renderer\Model</Filter>
    </ClInclude>
    <ClInclude Include="src\Renderer\Model\Texture.h">
      <Filter>src\Renderer\Model</Filter>
    </ClInclude>
    <ClInclude Include="src\Renderer\Model\Transform.h">
      <Filter>src\Renderer\Model</Filter>
    </ClInclude>
    <ClInclude Include="src\Renderer\Model\Vertex.h">
      <Filter>src\Renderer\Model</Filter>
    </ClInclude>
    <ClInclude Include="src\Renderer\Particles\ParticleEmitter.h">
      <Filter>src\Renderer\Particles</Filter>
    </ClInclude>
    <ClInclude Include="src\Renderer\Particles\ParticleEmitterTemplate.h">
      <Filter>src\Renderer\Particles</Filter>
    </ClInclude>
    <ClInclude Include="src\Renderer\Particles\ParticleSystem.h">
      <Filter>src\Renderer\Particles</Filter>
    </ClInclude>
    <ClInclude Include="src\Renderer\Render\Buffers.h">
      <Filter>src\Renderer\Render</Filter>
    </ClInclude>
    <ClInclude Include="src\Renderer\Render\DeferredRenderer.h">
      <Filter>src\Renderer\Render</Filter>
    </ClInclude>
    <ClInclude Include="src\Renderer\Render\DepthStencil.h">
      <Filter>src\Renderer\Render</Filter>
    </ClInclude>
    <ClInclude Include="src\Renderer\Render\ForwardRenderer.h">
      <Filter>src\Renderer\Render</Filter>
    </ClInclude>
    <ClInclude Include="src\Renderer\Render\LineRenderer.h">
      <Filter>src\Renderer\Render</Filter>
    </ClInclude>
    <ClInclude Include="src\Renderer\Render\PostProcessRenderer.h">
      <Filter>src\Renderer\Render</Filter>
    </ClInclude>
    <ClInclude Include="src\Renderer\Render\Render2D.h">
      <Filter>src\Renderer\Render</Filter>
    </ClInclude>
    <ClInclude Include="src\Renderer\Render\RenderBuffer.h">
      <Filter>src\Renderer\Render</Filter>
    </ClInclude>
    <ClInclude Include="src\Renderer\Render\RenderTexture.h">
      <Filter>src\Renderer\Render</Filter>
    </ClInclude>
    <ClInclude Include="src\Renderer\Render\Renderer.h">
      <Filter>src\Renderer\Render</Filter>
    </ClInclude>
    <ClInclude Include="src\Renderer\Render\RendererBase.h">
      <Filter>src\Renderer\Render</Filter>
    </ClInclude>
    <ClInclude Include="src\Renderer\Render\SelectionData.h">
      <Filter>src\Renderer\Render</Filter>
    </ClInclude>
    <ClInclude Include="src\Renderer\Render\ShadowRenderer.h">
      <Filter>src\Renderer\Render</Filter>
    </ClInclude>
    <ClInclude Include="src\Renderer\Scene\Scene.h">
      <Filter>src\Renderer\Scene</Filter>
    </ClInclude>
    <ClInclude Include="src\Renderer\Scene\SceneManager.h">
      <Filter>src\Renderer\Scene</Filter>
    </ClInclude>
    <ClInclude Include="src\Renderer\Scene\SceneSerializer.h">
      <Filter>src\Renderer\Scene</Filter>
    </ClInclude>
    <ClInclude Include="src\Renderer\Scene\UUID.h">
      <Filter>src\Renderer\Scene</Filter>
    </ClInclude>
    <ClInclude Include="src\Renderer\Types\EnumTypes.h">
      <Filter>src\Renderer\Types</Filter>
    </ClInclude>
    <ClInclude Include="src\Renderer\Types\FileExtensions.h">
      <Filter>src\Renderer\Types</Filter>
    </ClInclude>
    <ClInclude Include="src\StringCast.h">
      <Filter>src</Filter>
    </ClInclude>
    <ClInclude Include="src\Time.hpp">
      <Filter>src</Filter>
    </ClInclude>
  </ItemGroup>
  <ItemGroup>
    <ClCompile Include="MetaAssetHandler.cpp" />
    <ClCompile Include="src\GraphicsEngine.pch.cpp">
      <Filter>src</Filter>
    </ClCompile>
    <ClCompile Include="src\Renderer\AssetHandlers\DDSTextureLoader11.cpp">
      <Filter>src\Renderer\AssetHandlers</Filter>
    </ClCompile>
    <ClCompile Include="src\Renderer\AssetHandlers\LightAssetHandler.cpp">
      <Filter>src\Renderer\AssetHandlers</Filter>
    </ClCompile>
    <ClCompile Include="src\Renderer\AssetHandlers\ModelAssetHandler.cpp">
      <Filter>src\Renderer\AssetHandlers</Filter>
    </ClCompile>
    <ClCompile Include="src\Renderer\AssetHandlers\ParticleAssetHandler.cpp">
      <Filter>src\Renderer\AssetHandlers</Filter>
    </ClCompile>
    <ClCompile Include="src\Renderer\AssetHandlers\TextureAssetHandler.cpp">
      <Filter>src\Renderer\AssetHandlers</Filter>
    </ClCompile>
    <ClCompile Include="src\Renderer\Audio\AudioManager.cpp">
      <Filter>src\Renderer\Audio</Filter>
    </ClCompile>
    <ClCompile Include="src\Renderer\Debugger\ConsoleHelper.cpp">
      <Filter>src\Renderer\Debugger</Filter>
    </ClCompile>
    <ClCompile Include="src\Renderer\Framework\DX11.cpp">
      <Filter>src\Renderer\Framework</Filter>
    </ClCompile>
    <ClCompile Include="src\Renderer\GraphicsEngine.cpp">
      <Filter>src\Renderer</Filter>
    </ClCompile>
    <ClCompile Include="src\Renderer\Input\Input.cpp">
      <Filter>src\Renderer\Input</Filter>
    </ClCompile>
    <ClCompile Include="src\Renderer\Light\DirectionalLight.cpp">
      <Filter>src\Renderer\Light</Filter>
    </ClCompile>
    <ClCompile Include="src\Renderer\Light\EnvironmentLight.cpp">
      <Filter>src\Renderer\Light</Filter>
    </ClCompile>
    <ClCompile Include="src\Renderer\Light\PointLight.cpp">
      <Filter>src\Renderer\Light</Filter>
    </ClCompile>
    <ClCompile Include="src\Renderer\Light\SpotLight.cpp">
      <Filter>src\Renderer\Light</Filter>
    </ClCompile>
    <ClCompile Include="src\Renderer\Managers\CommandManager.cpp">
      <Filter>src\Renderer\Managers</Filter>
    </ClCompile>
    <ClCompile Include="src\Renderer\Model\Entity.cpp">
      <Filter>src\Renderer\Model</Filter>
    </ClCompile>
    <ClCompile Include="src\Renderer\Model\Material.cpp">
      <Filter>src\Renderer\Model</Filter>
    </ClCompile>
    <ClCompile Include="src\Renderer\Model\Model.cpp">
      <Filter>src\Renderer\Model</Filter>
    </ClCompile>
    <ClCompile Include="src\Renderer\Model\ModelInstance.cpp">
      <Filter>src\Renderer\Model</Filter>
    </ClCompile>
    <ClCompile Include="src\Renderer\Model\SceneObject.cpp">
      <Filter>src\Renderer\Model</Filter>
    </ClCompile>
    <ClCompile Include="src\Renderer\Model\Texture.cpp">
      <Filter>src\Renderer\Model</Filter>
    </ClCompile>
    <ClCompile Include="src\Renderer\Model\Transform.cpp">
      <Filter>src\Renderer\Model</Filter>
    </ClCompile>
    <ClCompile Include="src\Renderer\Particles\ParticleEmitter.cpp">
      <Filter>src\Renderer\Particles</Filter>
    </ClCompile>
    <ClCompile Include="src\Renderer\Particles\ParticleEmitterTemplate.cpp">
      <Filter>src\Renderer\Particles</Filter>
    </ClCompile>
    <ClCompile Include="src\Renderer\Particles\ParticleSystem.cpp">
      <Filter>src\Renderer\Particles</Filter>
    </ClCompile>
    <ClCompile Include="src\Renderer\Render\DeferredRenderer.cpp">
      <Filter>src\Renderer\Render</Filter>
    </ClCompile>
    <ClCompile Include="src\Renderer\Render\ForwardRenderer.cpp">
      <Filter>src\Renderer\Render</Filter>
    </ClCompile>
    <ClCompile Include="src\Renderer\Render\LineRenderer.cpp">
      <Filter>src\Renderer\Render</Filter>
    </ClCompile>
    <ClCompile Include="src\Renderer\Render\PostProcessRenderer.cpp">
      <Filter>src\Renderer\Render</Filter>
    </ClCompile>
    <ClCompile Include="src\Renderer\Render\Render2D.cpp">
      <Filter>src\Renderer\Render</Filter>
    </ClCompile>
    <ClCompile Include="src\Renderer\Render\RenderBuffer.cpp">
      <Filter>src\Renderer\Render</Filter>
    </ClCompile>
    <ClCompile Include="src\Renderer\Render\RenderTexture.cpp">
      <Filter>src\Renderer\Render</Filter>
    </ClCompile>
    <ClCompile Include="src\Renderer\Render\Renderer.cpp">
      <Filter>src\Renderer\Render</Filter>
    </ClCompile>
    <ClCompile Include="src\Renderer\Render\RendererBase.cpp">
      <Filter>src\Renderer\Render</Filter>
    </ClCompile>
    <ClCompile Include="src\Renderer\Render\ShadowRenderer.cpp">
      <Filter>src\Renderer\Render</Filter>
    </ClCompile>
    <ClCompile Include="src\Renderer\Scene\Scene.cpp">
      <Filter>src\Renderer\Scene</Filter>
    </ClCompile>
    <ClCompile Include="src\Renderer\Scene\SceneManager.cpp">
      <Filter>src\Renderer\Scene</Filter>
    </ClCompile>
    <ClCompile Include="src\Renderer\Scene\SceneSerializer.cpp">
      <Filter>src\Renderer\Scene</Filter>
    </ClCompile>
    <ClCompile Include="src\Renderer\Scene\UUID.cpp">
      <Filter>src\Renderer\Scene</Filter>
    </ClCompile>
  </ItemGroup>
</Project>