<?xml version="1.0" encoding="utf-8"?>
<Project ToolsVersion="4.0" xmlns="http://schemas.microsoft.com/developer/msbuild/2003">
  <ItemGroup>
    <Filter Include="AssetHandlers">
      <UniqueIdentifier>{D675DE7F-4236-5AB6-0B71-A33377F09E92}</UniqueIdentifier>
    </Filter>
    <Filter Include="Audio">
      <UniqueIdentifier>{9718D90C-032D-01BE-CCAE-A41D3882FDEE}</UniqueIdentifier>
    </Filter>
    <Filter Include="Core">
      <UniqueIdentifier>{2EB4837C-1AEB-840D-C3D7-6A10AFED000F}</UniqueIdentifier>
    </Filter>
    <Filter Include="Debugger">
      <UniqueIdentifier>{2ACD0289-169A-5D94-3FB3-4B3C2BDF9222}</UniqueIdentifier>
    </Filter>
    <Filter Include="EngineSettings">
      <UniqueIdentifier>{CC683645-B836-2A4B-A1CA-9A718D3706B0}</UniqueIdentifier>
    </Filter>
    <Filter Include="Font">
      <UniqueIdentifier>{DC58857C-C88F-860D-717C-6C105D92020F}</UniqueIdentifier>
    </Filter>
    <Filter Include="Framework">
      <UniqueIdentifier>{1362EE31-7FCC-A2A8-C80A-544E34B480FD}</UniqueIdentifier>
    </Filter>
    <Filter Include="Input">
      <UniqueIdentifier>{953A660D-014F-8EBE-CAD0-311E36A48AEF}</UniqueIdentifier>
    </Filter>
    <Filter Include="Light">
      <UniqueIdentifier>{3D9E990D-A9B2-C1BE-7234-651EDE07BEEF}</UniqueIdentifier>
    </Filter>
    <Filter Include="Managers">
      <UniqueIdentifier>{B34CFEBD-9F19-59C9-C832-4771B45E8E57}</UniqueIdentifier>
    </Filter>
    <Filter Include="Managers\Commands">
      <UniqueIdentifier>{54E1F8F0-C0F7-F686-096F-82A875C4C70E}</UniqueIdentifier>
    </Filter>
    <Filter Include="Model">
      <UniqueIdentifier>{D6F3AE0D-4208-D7BE-0B8A-7A1E775DD3EF}</UniqueIdentifier>
    </Filter>
    <Filter Include="Particles">
      <UniqueIdentifier>{6C2A9B3B-D894-4FB2-21D3-00588D7C2D07}</UniqueIdentifier>
    </Filter>
    <Filter Include="Render">
      <UniqueIdentifier>{C5BB87CE-B15D-B2A4-9A18-C6F8865939F5}</UniqueIdentifier>
    </Filter>
    <Filter Include="Scene">
      <UniqueIdentifier>{B3F7140E-1F0C-3DBF-E88D-E01E546139F0}</UniqueIdentifier>
    </Filter>
    <Filter Include="Types">
      <UniqueIdentifier>{3A4E330E-A662-5BBF-6FE4-FE1EDBB757F0}</UniqueIdentifier>
    </Filter>
    <Filter Include="VR">
      <UniqueIdentifier>{AD755900-9901-880B-02B0-880BEE5A880B}</UniqueIdentifier>
    </Filter>
  </ItemGroup>
  <ItemGroup>
    <ClInclude Include="src\AssetHandlers\DDSTextureLoader11.h">
      <Filter>AssetHandlers</Filter>
    </ClInclude>
    <ClInclude Include="src\AssetHandlers\LightAssetHandler.h">
      <Filter>AssetHandlers</Filter>
    </ClInclude>
    <ClInclude Include="src\AssetHandlers\MetaFileHandler.h">
      <Filter>AssetHandlers</Filter>
    </ClInclude>
    <ClInclude Include="src\AssetHandlers\ModelAssetHandler.h">
      <Filter>AssetHandlers</Filter>
    </ClInclude>
    <ClInclude Include="src\AssetHandlers\ParticleAssetHandler.h">
      <Filter>AssetHandlers</Filter>
    </ClInclude>
    <ClInclude Include="src\AssetHandlers\TextureAssetHandler.h">
      <Filter>AssetHandlers</Filter>
    </ClInclude>
    <ClInclude Include="src\Audio\Audio.h">
      <Filter>Audio</Filter>
    </ClInclude>
    <ClInclude Include="src\Audio\AudioManager.h">
      <Filter>Audio</Filter>
    </ClInclude>
    <ClInclude Include="src\Core\Assert.h">
      <Filter>Core</Filter>
    </ClInclude>
    <ClInclude Include="src\Debugger\ConsoleHelper.h">
      <Filter>Debugger</Filter>
    </ClInclude>
    <ClInclude Include="src\EngineSettingDefines.h" />
    <ClInclude Include="src\EngineSettings\Settings.h">
      <Filter>EngineSettings</Filter>
    </ClInclude>
    <ClInclude Include="src\Font\Font.h">
      <Filter>Font</Filter>
    </ClInclude>
    <ClInclude Include="src\Font\MSDFData.h">
      <Filter>Font</Filter>
    </ClInclude>
    <ClInclude Include="src\Framework\DX11.h">
      <Filter>Framework</Filter>
    </ClInclude>
    <ClInclude Include="src\GraphicsEngine.h" />
    <ClInclude Include="src\GraphicsEngine.pch.h" />
    <ClInclude Include="src\Input\Input.h">
      <Filter>Input</Filter>
    </ClInclude>
    <ClInclude Include="src\Light\DirectionalLight.h">
      <Filter>Light</Filter>
    </ClInclude>
    <ClInclude Include="src\Light\EnvironmentLight.h">
      <Filter>Light</Filter>
    </ClInclude>
    <ClInclude Include="src\Light\Light.h">
      <Filter>Light</Filter>
    </ClInclude>
    <ClInclude Include="src\Light\PointLight.h">
      <Filter>Light</Filter>
    </ClInclude>
    <ClInclude Include="src\Light\SpotLight.h">
      <Filter>Light</Filter>
    </ClInclude>
    <ClInclude Include="src\Managers\CommandManager.h">
      <Filter>Managers</Filter>
    </ClInclude>
    <ClInclude Include="src\Managers\Commands\AbstractCommand.h">
      <Filter>Managers\Commands</Filter>
    </ClInclude>
    <ClInclude Include="src\Managers\Commands\InspectorCommnad.h">
      <Filter>Managers\Commands</Filter>
    </ClInclude>
    <ClInclude Include="src\Managers\Commands\ModelCommand.h">
      <Filter>Managers\Commands</Filter>
    </ClInclude>
    <ClInclude Include="src\Managers\Commands\PositionCommand.h">
      <Filter>Managers\Commands</Filter>
    </ClInclude>
    <ClInclude Include="src\Managers\DropManager.h">
      <Filter>Managers</Filter>
    </ClInclude>
    <ClInclude Include="src\Managers\ThreadPool.h">
      <Filter>Managers</Filter>
    </ClInclude>
    <ClInclude Include="src\Managers\ThreadPool.hpp">
      <Filter>Managers</Filter>
    </ClInclude>
    <ClInclude Include="src\Model\Entity.h">
      <Filter>Model</Filter>
    </ClInclude>
    <ClInclude Include="src\Model\Material.h">
      <Filter>Model</Filter>
    </ClInclude>
    <ClInclude Include="src\Model\Model.h">
      <Filter>Model</Filter>
    </ClInclude>
    <ClInclude Include="src\Model\ModelData.h">
      <Filter>Model</Filter>
    </ClInclude>
    <ClInclude Include="src\Model\ModelInstance.h">
      <Filter>Model</Filter>
    </ClInclude>
    <ClInclude Include="src\Model\Render2D.h">
      <Filter>Model</Filter>
    </ClInclude>
    <ClInclude Include="src\Model\SceneObject.h">
      <Filter>Model</Filter>
    </ClInclude>
    <ClInclude Include="src\Model\SelectedObject.hpp">
      <Filter>Model</Filter>
    </ClInclude>
    <ClInclude Include="src\Model\Texture.h">
      <Filter>Model</Filter>
    </ClInclude>
    <ClInclude Include="src\Model\Transform.h">
      <Filter>Model</Filter>
    </ClInclude>
    <ClInclude Include="src\Model\Vertex.h">
      <Filter>Model</Filter>
    </ClInclude>
    <ClInclude Include="src\Particles\ParticleEmitter.h">
      <Filter>Particles</Filter>
    </ClInclude>
    <ClInclude Include="src\Particles\ParticleEmitterTemplate.h">
      <Filter>Particles</Filter>
    </ClInclude>
    <ClInclude Include="src\Particles\ParticleSystem.h">
      <Filter>Particles</Filter>
    </ClInclude>
    <ClInclude Include="src\Render\Buffers.h">
      <Filter>Render</Filter>
    </ClInclude>
    <ClInclude Include="src\Render\DeferredRenderer.h">
      <Filter>Render</Filter>
    </ClInclude>
    <ClInclude Include="src\Render\DepthStencil.h">
      <Filter>Render</Filter>
    </ClInclude>
    <ClInclude Include="src\Render\ForwardRenderer.h">
      <Filter>Render</Filter>
    </ClInclude>
    <ClInclude Include="src\Render\LineRenderer.h">
      <Filter>Render</Filter>
    </ClInclude>
    <ClInclude Include="src\Render\PostProcessRenderer.h">
      <Filter>Render</Filter>
    </ClInclude>
    <ClInclude Include="src\Render\Render2D.h">
      <Filter>Render</Filter>
    </ClInclude>
    <ClInclude Include="src\Render\RenderBuffer.h">
      <Filter>Render</Filter>
    </ClInclude>
    <ClInclude Include="src\Render\RenderTexture.h">
      <Filter>Render</Filter>
    </ClInclude>
    <ClInclude Include="src\Render\Renderer.h">
      <Filter>Render</Filter>
    </ClInclude>
    <ClInclude Include="src\Render\RendererBase.h">
      <Filter>Render</Filter>
    </ClInclude>
    <ClInclude Include="src\Render\SelectionData.h">
      <Filter>Render</Filter>
    </ClInclude>
    <ClInclude Include="src\Render\ShadowRenderer.h">
      <Filter>Render</Filter>
    </ClInclude>
    <ClInclude Include="src\Scene\Scene.h">
      <Filter>Scene</Filter>
    </ClInclude>
    <ClInclude Include="src\Scene\SceneManager.h">
      <Filter>Scene</Filter>
    </ClInclude>
    <ClInclude Include="src\Scene\SceneSerializer.h">
      <Filter>Scene</Filter>
    </ClInclude>
    <ClInclude Include="src\Scene\UUID.h">
      <Filter>Scene</Filter>
    </ClInclude>
    <ClInclude Include="src\Time.hpp" />
    <ClInclude Include="src\Types\EnumTypes.h">
      <Filter>Types</Filter>
    </ClInclude>
    <ClInclude Include="src\Types\FileExtensions.h">
      <Filter>Types</Filter>
    </ClInclude>
    <ClInclude Include="src\VR\VRMath.h">
      <Filter>VR</Filter>
    </ClInclude>
    <ClInclude Include="src\VR\VRSystem.h">
      <Filter>VR</Filter>
    </ClInclude>
  </ItemGroup>
  <ItemGroup>
    <ClCompile Include="src\AssetHandlers\DDSTextureLoader11.cpp">
      <Filter>AssetHandlers</Filter>
    </ClCompile>
    <ClCompile Include="src\AssetHandlers\LightAssetHandler.cpp">
      <Filter>AssetHandlers</Filter>
    </ClCompile>
    <ClCompile Include="src\AssetHandlers\MetaFileHandler.cpp">
      <Filter>AssetHandlers</Filter>
    </ClCompile>
    <ClCompile Include="src\AssetHandlers\ModelAssetHandler.cpp">
      <Filter>AssetHandlers</Filter>
    </ClCompile>
    <ClCompile Include="src\AssetHandlers\ParticleAssetHandler.cpp">
      <Filter>AssetHandlers</Filter>
    </ClCompile>
    <ClCompile Include="src\AssetHandlers\TextureAssetHandler.cpp">
      <Filter>AssetHandlers</Filter>
    </ClCompile>
    <ClCompile Include="src\Audio\AudioManager.cpp">
      <Filter>Audio</Filter>
    </ClCompile>
    <ClCompile Include="src\Debugger\ConsoleHelper.cpp">
      <Filter>Debugger</Filter>
    </ClCompile>
    <ClCompile Include="src\Font\Font.cpp">
      <Filter>Font</Filter>
    </ClCompile>
    <ClCompile Include="src\Framework\DX11.cpp">
      <Filter>Framework</Filter>
    </ClCompile>
    <ClCompile Include="src\GraphicsEngine.cpp" />
    <ClCompile Include="src\GraphicsEngine.pch.cpp" />
    <ClCompile Include="src\Input\Input.cpp">
      <Filter>Input</Filter>
    </ClCompile>
    <ClCompile Include="src\Light\DirectionalLight.cpp">
      <Filter>Light</Filter>
    </ClCompile>
    <ClCompile Include="src\Light\EnvironmentLight.cpp">
      <Filter>Light</Filter>
    </ClCompile>
    <ClCompile Include="src\Light\PointLight.cpp">
      <Filter>Light</Filter>
    </ClCompile>
    <ClCompile Include="src\Light\SpotLight.cpp">
      <Filter>Light</Filter>
    </ClCompile>
    <ClCompile Include="src\Managers\CommandManager.cpp">
      <Filter>Managers</Filter>
    </ClCompile>
    <ClCompile Include="src\Model\Entity.cpp">
      <Filter>Model</Filter>
    </ClCompile>
    <ClCompile Include="src\Model\Material.cpp">
      <Filter>Model</Filter>
    </ClCompile>
    <ClCompile Include="src\Model\Model.cpp">
      <Filter>Model</Filter>
    </ClCompile>
    <ClCompile Include="src\Model\ModelInstance.cpp">
      <Filter>Model</Filter>
    </ClCompile>
    <ClCompile Include="src\Model\SceneObject.cpp">
      <Filter>Model</Filter>
    </ClCompile>
    <ClCompile Include="src\Model\Texture.cpp">
      <Filter>Model</Filter>
    </ClCompile>
    <ClCompile Include="src\Model\Transform.cpp">
      <Filter>Model</Filter>
    </ClCompile>
    <ClCompile Include="src\Particles\ParticleEmitter.cpp">
      <Filter>Particles</Filter>
    </ClCompile>
    <ClCompile Include="src\Particles\ParticleEmitterTemplate.cpp">
      <Filter>Particles</Filter>
    </ClCompile>
    <ClCompile Include="src\Particles\ParticleSystem.cpp">
      <Filter>Particles</Filter>
    </ClCompile>
    <ClCompile Include="src\Render\DeferredRenderer.cpp">
      <Filter>Render</Filter>
    </ClCompile>
    <ClCompile Include="src\Render\ForwardRenderer.cpp">
      <Filter>Render</Filter>
    </ClCompile>
    <ClCompile Include="src\Render\LineRenderer.cpp">
      <Filter>Render</Filter>
    </ClCompile>
    <ClCompile Include="src\Render\PostProcessRenderer.cpp">
      <Filter>Render</Filter>
    </ClCompile>
    <ClCompile Include="src\Render\Render2D.cpp">
      <Filter>Render</Filter>
    </ClCompile>
    <ClCompile Include="src\Render\RenderBuffer.cpp">
      <Filter>Render</Filter>
    </ClCompile>
    <ClCompile Include="src\Render\RenderTexture.cpp">
      <Filter>Render</Filter>
    </ClCompile>
    <ClCompile Include="src\Render\Renderer.cpp">
      <Filter>Render</Filter>
    </ClCompile>
    <ClCompile Include="src\Render\RendererBase.cpp">
      <Filter>Render</Filter>
    </ClCompile>
    <ClCompile Include="src\Render\ShadowRenderer.cpp">
      <Filter>Render</Filter>
    </ClCompile>
    <ClCompile Include="src\Scene\Scene.cpp">
      <Filter>Scene</Filter>
    </ClCompile>
    <ClCompile Include="src\Scene\SceneManager.cpp">
      <Filter>Scene</Filter>
    </ClCompile>
    <ClCompile Include="src\Scene\SceneSerializer.cpp">
      <Filter>Scene</Filter>
    </ClCompile>
    <ClCompile Include="src\Scene\UUID.cpp">
      <Filter>Scene</Filter>
    </ClCompile>
    <ClCompile Include="src\VR\VRSystem.cpp">
      <Filter>VR</Filter>
    </ClCompile>
  </ItemGroup>
</Project>