
Microsoft Visual Studio Solution File, Format Version 12.00
# Visual Studio Version 17
Project("{2150E333-8FDC-42A3-9474-1A3956D46DE8}") = "Application", "Application", "{E080A971-4C97-A707-950E-33290164788F}"
EndProject
Project("{8BC9CEB8-8B4A-11D0-8D11-00A0C91BC942}") = "Editor", "Editor\Editor.vcxproj", "{8C1A20B0-78BC-4A86-6177-5EDA4DB8D1D6}"
EndProject
Project("{8BC9CEB8-8B4A-11D0-8D11-00A0C91BC942}") = "Modelviewer", "Modelviewer\Modelviewer.vcxproj", "{682DEE13-D4E2-6609-5DD7-60E0C98B5D0D}"
EndProject
Project("{2150E333-8FDC-42A3-9474-1A3956D46DE8}") = "Backend", "Backend", "{5445FE13-C005-7A4A-8940-C3C7F5BFBE26}"
EndProject
Project("{8BC9CEB8-8B4A-11D0-8D11-00A0C91BC942}") = "AudioEngine", "AudioEngine\AudioEngine.vcxproj", "{EDB0D911-5966-5207-E25A-4CDE4E0F490B}"
EndProject
Project("{8BC9CEB8-8B4A-11D0-8D11-00A0C91BC942}") = "PhysicsEngine", "PhysicsEngine\PhysicsEngine.vcxproj", "{9ED4FA58-0A95-768F-D3CF-BF0C3F4FBB6B}"
EndProject
Project("{8BC9CEB8-8B4A-11D0-8D11-00A0C91BC942}") = "Shaders", "Shaders\Shaders.vcxproj", "{EFAC8DF2-5B8C-0C8E-64A4-9764D00273EF}"
EndProject
Project("{2150E333-8FDC-42A3-9474-1A3956D46DE8}") = "Engine", "Engine", "{8249BEE1-6EAC-4D86-1732-863C03741909}"
EndProject
Project("{8BC9CEB8-8B4A-11D0-8D11-00A0C91BC942}") = "Engine", "Engine\Engine.vcxproj", "{DBC7D3B0-C769-FE86-B024-12DB9C6585D7}"
EndProject
Project("{8BC9CEB8-8B4A-11D0-8D11-00A0C91BC942}") = "Game", "Game\Game.vcxproj", "{7FA9857C-6BE0-860D-14CD-6C1000E3020F}"
EndProject
Project("{2150E333-8FDC-42A3-9474-1A3956D46DE8}") = "External", "External", "{6F244A6A-5BF2-3D70-4486-AE9630F319D5}"
EndProject
Project("{8BC9CEB8-8B4A-11D0-8D11-00A0C91BC942}") = "CommonUtilities", "External\CommonUtilities\CommonUtilities.vcxproj", "{AA29E689-16B5-534E-1FC6-D6428BD0AF4E}"
EndProject
Project("{8BC9CEB8-8B4A-11D0-8D11-00A0C91BC942}") = "CryptoPP", "External\cryptopp\CryptoPP.vcxproj", "{267AC9BA-1247-24C6-3B60-126E278C5954}"
EndProject
Project("{8BC9CEB8-8B4A-11D0-8D11-00A0C91BC942}") = "FBXImporter", "External\FBXImporter\FBXImporter.vcxproj", "{5711F0AA-C3C6-68A0-4CBB-6277B86F5FA4}"
EndProject
Project("{8BC9CEB8-8B4A-11D0-8D11-00A0C91BC942}") = "ImGui", "External\ImGui\ImGui.vcxproj", "{C0FF640D-2C14-8DBE-F595-301E616989EF}"
EndProject
Project("{8BC9CEB8-8B4A-11D0-8D11-00A0C91BC942}") = "OpenCL", "External\OpenCL\OpenCL.vcxproj", "{06864AC8-F227-759E-DBE2-88F2C723FCEE}"
EndProject
Project("{8BC9CEB8-8B4A-11D0-8D11-00A0C91BC942}") = "PyBullet", "External\PyBullet\PyBullet.vcxproj", "{D6450355-C212-5E60-EB2B-4C08D75793EE}"
EndProject
Project("{8BC9CEB8-8B4A-11D0-8D11-00A0C91BC942}") = "Rapidjson", "External\rapidjson\Rapidjson.vcxproj", "{2F4FA070-9BB9-54E7-E4F7-058D50A1323C}"
EndProject
Project("{8BC9CEB8-8B4A-11D0-8D11-00A0C91BC942}") = "TurNet", "External\TurNet\TurNet.vcxproj", "{076955D4-F30A-80AA-DCC5-93FEC80607FB}"
EndProject
Project("{8BC9CEB8-8B4A-11D0-8D11-00A0C91BC942}") = "WICTextureLoader", "External\WICTextureLoader\WICTextureLoader.vcxproj", "{D06FBC32-BC68-DB84-E59A-C009D1F2BA90}"
EndProject
Project("{8BC9CEB8-8B4A-11D0-8D11-00A0C91BC942}") = "YamlCpp", "External\yaml-cpp\YamlCpp.vcxproj", "{3BF5F3B0-A7D4-724C-B0EC-FD221C4BD9AD}"
EndProject
Project("{2150E333-8FDC-42A3-9474-1A3956D46DE8}") = "Server", "Server", "{23E4C901-0F47-59A6-B8CC-915CA40E2529}"
EndProject
Project("{8BC9CEB8-8B4A-11D0-8D11-00A0C91BC942}") = "GameServer", "GameServer\GameServer.vcxproj", "{76EA8437-62A2-C684-CBA9-9FE0B7806175}"
EndProject
Project("{8BC9CEB8-8B4A-11D0-8D11-00A0C91BC942}") = "Server", "Server\Server.vcxproj", "{7C62DFD0-6804-0AA7-51BF-1DFB3D0091F7}"
EndProject
Global
	GlobalSection(SolutionConfigurationPlatforms) = preSolution
		Debug|x64 = Debug|x64
		Distribution|x64 = Distribution|x64
		Release|x64 = Release|x64
	EndGlobalSection
	GlobalSection(ProjectConfigurationPlatforms) = postSolution
		{8C1A20B0-78BC-4A86-6177-5EDA4DB8D1D6}.Debug|x64.ActiveCfg = Debug|x64
		{8C1A20B0-78BC-4A86-6177-5EDA4DB8D1D6}.Debug|x64.Build.0 = Debug|x64
		{8C1A20B0-78BC-4A86-6177-5EDA4DB8D1D6}.Distribution|x64.ActiveCfg = Release|x64
		{8C1A20B0-78BC-4A86-6177-5EDA4DB8D1D6}.Distribution|x64.Build.0 = Release|x64
		{8C1A20B0-78BC-4A86-6177-5EDA4DB8D1D6}.Release|x64.ActiveCfg = Release|x64
		{8C1A20B0-78BC-4A86-6177-5EDA4DB8D1D6}.Release|x64.Build.0 = Release|x64
		{682DEE13-D4E2-6609-5DD7-60E0C98B5D0D}.Debug|x64.ActiveCfg = Debug|x64
		{682DEE13-D4E2-6609-5DD7-60E0C98B5D0D}.Debug|x64.Build.0 = Debug|x64
		{682DEE13-D4E2-6609-5DD7-60E0C98B5D0D}.Distribution|x64.ActiveCfg = Release|x64
		{682DEE13-D4E2-6609-5DD7-60E0C98B5D0D}.Distribution|x64.Build.0 = Release|x64
		{682DEE13-D4E2-6609-5DD7-60E0C98B5D0D}.Release|x64.ActiveCfg = Release|x64
		{682DEE13-D4E2-6609-5DD7-60E0C98B5D0D}.Release|x64.Build.0 = Release|x64
		{EDB0D911-5966-5207-E25A-4CDE4E0F490B}.Debug|x64.ActiveCfg = Debug|x64
		{EDB0D911-5966-5207-E25A-4CDE4E0F490B}.Debug|x64.Build.0 = Debug|x64
		{EDB0D911-5966-5207-E25A-4CDE4E0F490B}.Distribution|x64.ActiveCfg = Release|x64
		{EDB0D911-5966-5207-E25A-4CDE4E0F490B}.Distribution|x64.Build.0 = Release|x64
		{EDB0D911-5966-5207-E25A-4CDE4E0F490B}.Release|x64.ActiveCfg = Release|x64
		{EDB0D911-5966-5207-E25A-4CDE4E0F490B}.Release|x64.Build.0 = Release|x64
		{9ED4FA58-0A95-768F-D3CF-BF0C3F4FBB6B}.Debug|x64.ActiveCfg = Debug|x64
		{9ED4FA58-0A95-768F-D3CF-BF0C3F4FBB6B}.Debug|x64.Build.0 = Debug|x64
		{9ED4FA58-0A95-768F-D3CF-BF0C3F4FBB6B}.Distribution|x64.ActiveCfg = Release|x64
		{9ED4FA58-0A95-768F-D3CF-BF0C3F4FBB6B}.Distribution|x64.Build.0 = Release|x64
		{9ED4FA58-0A95-768F-D3CF-BF0C3F4FBB6B}.Release|x64.ActiveCfg = Release|x64
		{9ED4FA58-0A95-768F-D3CF-BF0C3F4FBB6B}.Release|x64.Build.0 = Release|x64
		{EFAC8DF2-5B8C-0C8E-64A4-9764D00273EF}.Debug|x64.ActiveCfg = Debug|x64
		{EFAC8DF2-5B8C-0C8E-64A4-9764D00273EF}.Debug|x64.Build.0 = Debug|x64
		{EFAC8DF2-5B8C-0C8E-64A4-9764D00273EF}.Distribution|x64.ActiveCfg = Release|x64
		{EFAC8DF2-5B8C-0C8E-64A4-9764D00273EF}.Distribution|x64.Build.0 = Release|x64
		{EFAC8DF2-5B8C-0C8E-64A4-9764D00273EF}.Release|x64.ActiveCfg = Release|x64
		{EFAC8DF2-5B8C-0C8E-64A4-9764D00273EF}.Release|x64.Build.0 = Release|x64
		{DBC7D3B0-C769-FE86-B024-12DB9C6585D7}.Debug|x64.ActiveCfg = Debug|x64
		{DBC7D3B0-C769-FE86-B024-12DB9C6585D7}.Debug|x64.Build.0 = Debug|x64
		{DBC7D3B0-C769-FE86-B024-12DB9C6585D7}.Distribution|x64.ActiveCfg = Release|x64
		{DBC7D3B0-C769-FE86-B024-12DB9C6585D7}.Distribution|x64.Build.0 = Release|x64
		{DBC7D3B0-C769-FE86-B024-12DB9C6585D7}.Release|x64.ActiveCfg = Release|x64
		{DBC7D3B0-C769-FE86-B024-12DB9C6585D7}.Release|x64.Build.0 = Release|x64
		{7FA9857C-6BE0-860D-14CD-6C1000E3020F}.Debug|x64.ActiveCfg = Debug|x64
		{7FA9857C-6BE0-860D-14CD-6C1000E3020F}.Debug|x64.Build.0 = Debug|x64
		{7FA9857C-6BE0-860D-14CD-6C1000E3020F}.Distribution|x64.ActiveCfg = Release|x64
		{7FA9857C-6BE0-860D-14CD-6C1000E3020F}.Distribution|x64.Build.0 = Release|x64
		{7FA9857C-6BE0-860D-14CD-6C1000E3020F}.Release|x64.ActiveCfg = Release|x64
		{7FA9857C-6BE0-860D-14CD-6C1000E3020F}.Release|x64.Build.0 = Release|x64
		{AA29E689-16B5-534E-1FC6-D6428BD0AF4E}.Debug|x64.ActiveCfg = Debug|x64
		{AA29E689-16B5-534E-1FC6-D6428BD0AF4E}.Debug|x64.Build.0 = Debug|x64
		{AA29E689-16B5-534E-1FC6-D6428BD0AF4E}.Distribution|x64.ActiveCfg = Release|x64
		{AA29E689-16B5-534E-1FC6-D6428BD0AF4E}.Distribution|x64.Build.0 = Release|x64
		{AA29E689-16B5-534E-1FC6-D6428BD0AF4E}.Release|x64.ActiveCfg = Release|x64
		{AA29E689-16B5-534E-1FC6-D6428BD0AF4E}.Release|x64.Build.0 = Release|x64
		{267AC9BA-1247-24C6-3B60-126E278C5954}.Debug|x64.ActiveCfg = Debug|x64
		{267AC9BA-1247-24C6-3B60-126E278C5954}.Debug|x64.Build.0 = Debug|x64
		{267AC9BA-1247-24C6-3B60-126E278C5954}.Distribution|x64.ActiveCfg = Release|x64
		{267AC9BA-1247-24C6-3B60-126E278C5954}.Distribution|x64.Build.0 = Release|x64
		{267AC9BA-1247-24C6-3B60-126E278C5954}.Release|x64.ActiveCfg = Release|x64
		{267AC9BA-1247-24C6-3B60-126E278C5954}.Release|x64.Build.0 = Release|x64
		{5711F0AA-C3C6-68A0-4CBB-6277B86F5FA4}.Debug|x64.ActiveCfg = Debug|x64
		{5711F0AA-C3C6-68A0-4CBB-6277B86F5FA4}.Debug|x64.Build.0 = Debug|x64
		{5711F0AA-C3C6-68A0-4CBB-6277B86F5FA4}.Distribution|x64.ActiveCfg = Distribution|x64
		{5711F0AA-C3C6-68A0-4CBB-6277B86F5FA4}.Distribution|x64.Build.0 = Distribution|x64
		{5711F0AA-C3C6-68A0-4CBB-6277B86F5FA4}.Release|x64.ActiveCfg = Release|x64
		{5711F0AA-C3C6-68A0-4CBB-6277B86F5FA4}.Release|x64.Build.0 = Release|x64
		{C0FF640D-2C14-8DBE-F595-301E616989EF}.Debug|x64.ActiveCfg = Debug|x64
		{C0FF640D-2C14-8DBE-F595-301E616989EF}.Debug|x64.Build.0 = Debug|x64
		{C0FF640D-2C14-8DBE-F595-301E616989EF}.Distribution|x64.ActiveCfg = Release|x64
		{C0FF640D-2C14-8DBE-F595-301E616989EF}.Distribution|x64.Build.0 = Release|x64
		{C0FF640D-2C14-8DBE-F595-301E616989EF}.Release|x64.ActiveCfg = Release|x64
		{C0FF640D-2C14-8DBE-F595-301E616989EF}.Release|x64.Build.0 = Release|x64
		{06864AC8-F227-759E-DBE2-88F2C723FCEE}.Debug|x64.ActiveCfg = Debug|x64
		{06864AC8-F227-759E-DBE2-88F2C723FCEE}.Debug|x64.Build.0 = Debug|x64
		{06864AC8-F227-759E-DBE2-88F2C723FCEE}.Distribution|x64.ActiveCfg = Release|x64
		{06864AC8-F227-759E-DBE2-88F2C723FCEE}.Distribution|x64.Build.0 = Release|x64
		{06864AC8-F227-759E-DBE2-88F2C723FCEE}.Release|x64.ActiveCfg = Release|x64
		{06864AC8-F227-759E-DBE2-88F2C723FCEE}.Release|x64.Build.0 = Release|x64
		{D6450355-C212-5E60-EB2B-4C08D75793EE}.Debug|x64.ActiveCfg = Debug|x64
		{D6450355-C212-5E60-EB2B-4C08D75793EE}.Debug|x64.Build.0 = Debug|x64
		{D6450355-C212-5E60-EB2B-4C08D75793EE}.Distribution|x64.ActiveCfg = Release|x64
		{D6450355-C212-5E60-EB2B-4C08D75793EE}.Distribution|x64.Build.0 = Release|x64
		{D6450355-C212-5E60-EB2B-4C08D75793EE}.Release|x64.ActiveCfg = Release|x64
		{D6450355-C212-5E60-EB2B-4C08D75793EE}.Release|x64.Build.0 = Release|x64
		{2F4FA070-9BB9-54E7-E4F7-058D50A1323C}.Debug|x64.ActiveCfg = Debug|x64
		{2F4FA070-9BB9-54E7-E4F7-058D50A1323C}.Debug|x64.Build.0 = Debug|x64
		{2F4FA070-9BB9-54E7-E4F7-058D50A1323C}.Distribution|x64.ActiveCfg = Release|x64
		{2F4FA070-9BB9-54E7-E4F7-058D50A1323C}.Distribution|x64.Build.0 = Release|x64
		{2F4FA070-9BB9-54E7-E4F7-058D50A1323C}.Release|x64.ActiveCfg = Release|x64
		{2F4FA070-9BB9-54E7-E4F7-058D50A1323C}.Release|x64.Build.0 = Release|x64
		{076955D4-F30A-80AA-DCC5-93FEC80607FB}.Debug|x64.ActiveCfg = Debug|x64
		{076955D4-F30A-80AA-DCC5-93FEC80607FB}.Debug|x64.Build.0 = Debug|x64
		{076955D4-F30A-80AA-DCC5-93FEC80607FB}.Distribution|x64.ActiveCfg = Release|x64
		{076955D4-F30A-80AA-DCC5-93FEC80607FB}.Distribution|x64.Build.0 = Release|x64
		{076955D4-F30A-80AA-DCC5-93FEC80607FB}.Release|x64.ActiveCfg = Release|x64
		{076955D4-F30A-80AA-DCC5-93FEC80607FB}.Release|x64.Build.0 = Release|x64
		{D06FBC32-BC68-DB84-E59A-C009D1F2BA90}.Debug|x64.ActiveCfg = Debug|x64
		{D06FBC32-BC68-DB84-E59A-C009D1F2BA90}.Debug|x64.Build.0 = Debug|x64
		{D06FBC32-BC68-DB84-E59A-C009D1F2BA90}.Distribution|x64.ActiveCfg = Release|x64
		{D06FBC32-BC68-DB84-E59A-C009D1F2BA90}.Distribution|x64.Build.0 = Release|x64
		{D06FBC32-BC68-DB84-E59A-C009D1F2BA90}.Release|x64.ActiveCfg = Release|x64
		{D06FBC32-BC68-DB84-E59A-C009D1F2BA90}.Release|x64.Build.0 = Release|x64
		{3BF5F3B0-A7D4-724C-B0EC-FD221C4BD9AD}.Debug|x64.ActiveCfg = Debug|x64
		{3BF5F3B0-A7D4-724C-B0EC-FD221C4BD9AD}.Debug|x64.Build.0 = Debug|x64
		{3BF5F3B0-A7D4-724C-B0EC-FD221C4BD9AD}.Distribution|x64.ActiveCfg = Release|x64
		{3BF5F3B0-A7D4-724C-B0EC-FD221C4BD9AD}.Distribution|x64.Build.0 = Release|x64
		{3BF5F3B0-A7D4-724C-B0EC-FD221C4BD9AD}.Release|x64.ActiveCfg = Release|x64
		{3BF5F3B0-A7D4-724C-B0EC-FD221C4BD9AD}.Release|x64.Build.0 = Release|x64
		{76EA8437-62A2-C684-CBA9-9FE0B7806175}.Debug|x64.ActiveCfg = Debug|x64
		{76EA8437-62A2-C684-CBA9-9FE0B7806175}.Debug|x64.Build.0 = Debug|x64
		{76EA8437-62A2-C684-CBA9-9FE0B7806175}.Distribution|x64.ActiveCfg = Release|x64
		{76EA8437-62A2-C684-CBA9-9FE0B7806175}.Distribution|x64.Build.0 = Release|x64
		{76EA8437-62A2-C684-CBA9-9FE0B7806175}.Release|x64.ActiveCfg = Release|x64
		{76EA8437-62A2-C684-CBA9-9FE0B7806175}.Release|x64.Build.0 = Release|x64
		{7C62DFD0-6804-0AA7-51BF-1DFB3D0091F7}.Debug|x64.ActiveCfg = Debug|x64
		{7C62DFD0-6804-0AA7-51BF-1DFB3D0091F7}.Debug|x64.Build.0 = Debug|x64
		{7C62DFD0-6804-0AA7-51BF-1DFB3D0091F7}.Distribution|x64.ActiveCfg = Release|x64
		{7C62DFD0-6804-0AA7-51BF-1DFB3D0091F7}.Distribution|x64.Build.0 = Release|x64
		{7C62DFD0-6804-0AA7-51BF-1DFB3D0091F7}.Release|x64.ActiveCfg = Release|x64
		{7C62DFD0-6804-0AA7-51BF-1DFB3D0091F7}.Release|x64.Build.0 = Release|x64
	EndGlobalSection
	GlobalSection(SolutionProperties) = preSolution
		HideSolutionNode = FALSE
	EndGlobalSection
	GlobalSection(NestedProjects) = preSolution
		{8C1A20B0-78BC-4A86-6177-5EDA4DB8D1D6} = {E080A971-4C97-A707-950E-33290164788F}
		{682DEE13-D4E2-6609-5DD7-60E0C98B5D0D} = {E080A971-4C97-A707-950E-33290164788F}
		{EDB0D911-5966-5207-E25A-4CDE4E0F490B} = {5445FE13-C005-7A4A-8940-C3C7F5BFBE26}
		{9ED4FA58-0A95-768F-D3CF-BF0C3F4FBB6B} = {5445FE13-C005-7A4A-8940-C3C7F5BFBE26}
		{EFAC8DF2-5B8C-0C8E-64A4-9764D00273EF} = {5445FE13-C005-7A4A-8940-C3C7F5BFBE26}
		{DBC7D3B0-C769-FE86-B024-12DB9C6585D7} = {8249BEE1-6EAC-4D86-1732-863C03741909}
		{7FA9857C-6BE0-860D-14CD-6C1000E3020F} = {8249BEE1-6EAC-4D86-1732-863C03741909}
		{AA29E689-16B5-534E-1FC6-D6428BD0AF4E} = {6F244A6A-5BF2-3D70-4486-AE9630F319D5}
		{267AC9BA-1247-24C6-3B60-126E278C5954} = {6F244A6A-5BF2-3D70-4486-AE9630F319D5}
		{5711F0AA-C3C6-68A0-4CBB-6277B86F5FA4} = {6F244A6A-5BF2-3D70-4486-AE9630F319D5}
		{C0FF640D-2C14-8DBE-F595-301E616989EF} = {6F244A6A-5BF2-3D70-4486-AE9630F319D5}
		{06864AC8-F227-759E-DBE2-88F2C723FCEE} = {6F244A6A-5BF2-3D70-4486-AE9630F319D5}
		{D6450355-C212-5E60-EB2B-4C08D75793EE} = {6F244A6A-5BF2-3D70-4486-AE9630F319D5}
		{2F4FA070-9BB9-54E7-E4F7-058D50A1323C} = {6F244A6A-5BF2-3D70-4486-AE9630F319D5}
		{076955D4-F30A-80AA-DCC5-93FEC80607FB} = {6F244A6A-5BF2-3D70-4486-AE9630F319D5}
		{D06FBC32-BC68-DB84-E59A-C009D1F2BA90} = {6F244A6A-5BF2-3D70-4486-AE9630F319D5}
		{3BF5F3B0-A7D4-724C-B0EC-FD221C4BD9AD} = {6F244A6A-5BF2-3D70-4486-AE9630F319D5}
		{76EA8437-62A2-C684-CBA9-9FE0B7806175} = {23E4C901-0F47-59A6-B8CC-915CA40E2529}
		{7C62DFD0-6804-0AA7-51BF-1DFB3D0091F7} = {23E4C901-0F47-59A6-B8CC-915CA40E2529}
	EndGlobalSection
EndGlobal
