<?xml version="1.0" encoding="utf-8"?>
<Project ToolsVersion="4.0" xmlns="http://schemas.microsoft.com/developer/msbuild/2003">
  <ItemGroup>
    <ClCompile Include="pch.cpp" />
    <ClCompile Include="Timer.cpp">
      <Filter>Utilities</Filter>
    </ClCompile>
    <ClCompile Include="InputManager.cpp">
      <Filter>Utilities</Filter>
    </ClCompile>
    <ClCompile Include="ImGui\imgui.cpp" />
    <ClCompile Include="ImGui\imgui_demo.cpp" />
    <ClCompile Include="ImGui\imgui_draw.cpp" />
    <ClCompile Include="ImGui\imgui_impl_win32.cpp" />
    <ClCompile Include="ImGui\imgui_stdlib.cpp" />
    <ClCompile Include="ImGui\imgui_tables.cpp" />
    <ClCompile Include="ImGui\imgui_widgets.cpp" />
    <ClCompile Include="ImGui\imgui_impl_dx11.cpp" />
    <ClCompile Include="ImGui\GraphEditor.cpp" />
    <ClCompile Include="ImGui\ImCurveEdit.cpp" />
    <ClCompile Include="ImGui\ImGradient.cpp" />
    <ClCompile Include="ImGui\ImGuizmo.cpp" />
    <ClCompile Include="ImGui\ImSequencer.cpp" />
  </ItemGroup>
  <ItemGroup>
    <ClInclude Include="framework.h" />
    <ClInclude Include="pch.h" />
    <ClInclude Include="Timer.h">
      <Filter>Utilities</Filter>
    </ClInclude>
    <ClInclude Include="InputManager.h">
      <Filter>Utilities</Filter>
    </ClInclude>
    <ClInclude Include="UtilityFunctions.h">
      <Filter>Utilities</Filter>
    </ClInclude>
    <ClInclude Include="List\BSTSet.hpp" />
    <ClInclude Include="List\DoublyLinkedList.hpp" />
    <ClInclude Include="List\DoublyLinkedListNode.hpp" />
    <ClInclude Include="Math\AABB3D.hpp" />
    <ClInclude Include="Math\Intersection.hpp" />
    <ClInclude Include="Math\Line.hpp" />
    <ClInclude Include="Math\LineVolume.hpp" />
    <ClInclude Include="Math\Matrix.h" />
    <ClInclude Include="Math\Matrix3x3.hpp" />
    <ClInclude Include="Math\Matrix4x4.hpp" />
    <ClInclude Include="Math\Plane.hpp" />
    <ClInclude Include="Math\PlaneVolume.hpp" />
    <ClInclude Include="Math\Ray.hpp" />
    <ClInclude Include="Math\Sphere.hpp" />
    <ClInclude Include="Math\Vector.h" />
    <ClInclude Include="Math\Vector2.hpp" />
    <ClInclude Include="Math\Vector3.hpp" />
    <ClInclude Include="Math\Vector4.hpp" />
    <ClInclude Include="PerformaceTimer.h" />
    <ClInclude Include="Queue.hpp" />
    <ClInclude Include="Sort\BogoSort.hpp" />
    <ClInclude Include="Sort\BubbleSort.hpp" />
    <ClInclude Include="Sort\MergeSort.hpp" />
    <ClInclude Include="Sort\QuickSort.hpp" />
    <ClInclude Include="Sort\SelectionSort.hpp" />
    <ClInclude Include="Stack.hpp" />
    <ClInclude Include="rapidjson\allocators.h" />
    <ClInclude Include="rapidjson\document.h" />
    <ClInclude Include="rapidjson\encodedstream.h" />
    <ClInclude Include="rapidjson\encodings.h" />
    <ClInclude Include="rapidjson\filereadstream.h" />
    <ClInclude Include="rapidjson\filewritestream.h" />
    <ClInclude Include="rapidjson\fwd.h" />
    <ClInclude Include="rapidjson\istreamwrapper.h" />
    <ClInclude Include="rapidjson\memorybuffer.h" />
    <ClInclude Include="rapidjson\memorystream.h" />
    <ClInclude Include="rapidjson\ostreamwrapper.h" />
    <ClInclude Include="rapidjson\pointer.h" />
    <ClInclude Include="rapidjson\prettywriter.h" />
    <ClInclude Include="rapidjson\rapidjson.h" />
    <ClInclude Include="rapidjson\reader.h" />
    <ClInclude Include="rapidjson\schema.h" />
    <ClInclude Include="rapidjson\stream.h" />
    <ClInclude Include="rapidjson\stringbuffer.h" />
    <ClInclude Include="rapidjson\writer.h" />
    <ClInclude Include="rapidjson\JsonReader.hpp" />
    <ClInclude Include="ImGui\imconfig.h" />
    <ClInclude Include="ImGui\imgui.h" />
    <ClInclude Include="ImGui\imgui_impl_win32.h" />
    <ClInclude Include="ImGui\imgui_internal.h" />
    <ClInclude Include="ImGui\imgui_stdlib.h" />
    <ClInclude Include="ImGui\imstb_rectpack.h" />
    <ClInclude Include="ImGui\imstb_textedit.h" />
    <ClInclude Include="ImGui\imstb_truetype.h" />
    <ClInclude Include="ImGui\imgui_impl_dx11.h" />
    <ClInclude Include="ImGui\GraphEditor.h" />
    <ClInclude Include="ImGui\ImCurveEdit.h" />
    <ClInclude Include="ImGui\ImGradient.h" />
    <ClInclude Include="ImGui\ImGuizmo.h" />
    <ClInclude Include="ImGui\ImSequencer.h" />
    <ClInclude Include="ImGui\ImZoomSlider.h" />
  </ItemGroup>
  <ItemGroup>
    <Filter Include="Utilities">
      <UniqueIdentifier>{7131f330-530d-4fc2-9c72-2d9ddd2040d2}</UniqueIdentifier>
    </Filter>
    <Filter Include="Math">
      <UniqueIdentifier>{415f9f7f-c132-4263-a415-44c482569156}</UniqueIdentifier>
    </Filter>
    <Filter Include="Collision">
      <UniqueIdentifier>{a4a59467-691d-4508-bb4d-f78ceafc2876}</UniqueIdentifier>
    </Filter>
  </ItemGroup>
  <ItemGroup>
    <None Include="cpp.hint" />
  </ItemGroup>
  <ItemGroup>
    <Text Include="ImGui\LICENSE.txt" />
  </ItemGroup>
</Project>