<?xml version="1.0" encoding="utf-8"?>
<Project ToolsVersion="4.0" xmlns="http://schemas.microsoft.com/developer/msbuild/2003">
  <ItemGroup>
    <Filter Include="src">
      <UniqueIdentifier>{2DAB880B-99B4-887C-2230-9F7C8E38947C}</UniqueIdentifier>
    </Filter>
    <Filter Include="src\AssetHandlers">
      <UniqueIdentifier>{2DEB13F7-9901-128D-E278-9DAE4ECEE214}</UniqueIdentifier>
    </Filter>
    <Filter Include="src\Audio">
      <UniqueIdentifier>{EE2696B2-5A91-4A29-A3CF-FBCE0F79287E}</UniqueIdentifier>
    </Filter>
    <Filter Include="src\Compilers">
      <UniqueIdentifier>{8A746AF2-F634-E628-BF6F-2FA62BEF2A05}</UniqueIdentifier>
    </Filter>
    <Filter Include="src\Components">
      <UniqueIdentifier>{221ADC4D-0EE8-CF53-F77B-407AE3E8ABB8}</UniqueIdentifier>
    </Filter>
    <Filter Include="src\Components\Audio">
      <UniqueIdentifier>{A339C058-8FC8-4922-38E7-5D1D24555AC8}</UniqueIdentifier>
    </Filter>
    <Filter Include="src\Components\Network">
      <UniqueIdentifier>{9BFE404E-87F8-69A0-7065-00B15CFECF0C}</UniqueIdentifier>
    </Filter>
    <Filter Include="src\Core">
      <UniqueIdentifier>{A5D31CCF-91A0-77DA-BAB9-6582A6E5AC68}</UniqueIdentifier>
    </Filter>
    <Filter Include="src\Core\Asset">
      <UniqueIdentifier>{F4EFF303-E0BD-E709-C951-5830B5BEC36E}</UniqueIdentifier>
    </Filter>
    <Filter Include="src\Core\Framework">
      <UniqueIdentifier>{62E203BE-4EC6-C413-B726-BF66A329AF95}</UniqueIdentifier>
    </Filter>
    <Filter Include="src\Core\Model">
      <UniqueIdentifier>{A5A4CA04-9172-BE0A-7A06-2F3166739A6F}</UniqueIdentifier>
    </Filter>
    <Filter Include="src\Core\Rendering">
      <UniqueIdentifier>{322F3508-1E13-F65D-8773-F0B07376E0DF}</UniqueIdentifier>
    </Filter>
    <Filter Include="src\Debugger">
      <UniqueIdentifier>{21D07CB9-0D33-0C5E-B6B8-4414A2FAD7E0}</UniqueIdentifier>
    </Filter>
    <Filter Include="src\EngineSettings">
      <UniqueIdentifier>{03891AA3-EF6C-DBF8-58CD-D54B44D0C57A}</UniqueIdentifier>
    </Filter>
    <Filter Include="src\Font">
      <UniqueIdentifier>{53781ECF-3F45-79DA-685E-6782548AAE68}</UniqueIdentifier>
    </Filter>
    <Filter Include="src\Input">
      <UniqueIdentifier>{EC4823B3-58B3-D729-A1F1-88CF0D9BB57E}</UniqueIdentifier>
    </Filter>
    <Filter Include="src\Light">
      <UniqueIdentifier>{94AC56B3-0017-0B2A-4955-BCCFB5FEE87E}</UniqueIdentifier>
    </Filter>
    <Filter Include="src\Managers">
      <UniqueIdentifier>{AA4F78EE-96B2-0793-3F38-40492B7AD315}</UniqueIdentifier>
    </Filter>
    <Filter Include="src\Managers\Commands">
      <UniqueIdentifier>{2B2A0746-9796-C240-608A-5A9ECCB5E4A8}</UniqueIdentifier>
    </Filter>
    <Filter Include="src\Network">
      <UniqueIdentifier>{A66A4775-1220-C06A-9B14-BA4107C9B66E}</UniqueIdentifier>
    </Filter>
    <Filter Include="src\Particles">
      <UniqueIdentifier>{438C557B-AF4C-D1B1-7887-1A2FE406168E}</UniqueIdentifier>
    </Filter>
    <Filter Include="src\Physics">
      <UniqueIdentifier>{9F8B9316-0B41-0C0C-9435-06E300EA0210}</UniqueIdentifier>
    </Filter>
    <Filter Include="src\Physics\JoltPhysics">
      <UniqueIdentifier>{8A7940F7-F6B0-888E-FFBA-ECB16B71AF87}</UniqueIdentifier>
    </Filter>
    <Filter Include="src\Project">
      <UniqueIdentifier>{732C2D2D-DFE1-A522-68D6-9FF9D48A9C26}</UniqueIdentifier>
    </Filter>
    <Filter Include="src\Scene">
      <UniqueIdentifier>{0A06D2B3-7670-862A-BFAE-37D02B58647F}</UniqueIdentifier>
    </Filter>
    <Filter Include="src\Scripting">
      <UniqueIdentifier>{6FBC2D98-DB7C-A9CE-A4B7-F24B1037EEAA}</UniqueIdentifier>
    </Filter>
    <Filter Include="src\Types">
      <UniqueIdentifier>{915CF0B3-FDC6-A42A-4605-56D0B2AE827F}</UniqueIdentifier>
    </Filter>
    <Filter Include="src\VR">
      <UniqueIdentifier>{644B661C-50ED-90F2-39A8-A44625E91743}</UniqueIdentifier>
    </Filter>
  </ItemGroup>
  <ItemGroup>
    <ClInclude Include="Log.h" />
    <ClInclude Include="src\AssetHandlers\DDSTextureLoader11.h">
      <Filter>src\AssetHandlers</Filter>
    </ClInclude>
    <ClInclude Include="src\AssetHandlers\FontAssetHandler.h">
      <Filter>src\AssetHandlers</Filter>
    </ClInclude>
    <ClInclude Include="src\AssetHandlers\LightAssetHandler.h">
      <Filter>src\AssetHandlers</Filter>
    </ClInclude>
    <ClInclude Include="src\AssetHandlers\MetaFileHandler.h">
      <Filter>src\AssetHandlers</Filter>
    </ClInclude>
    <ClInclude Include="src\AssetHandlers\ModelAssetHandler.h">
      <Filter>src\AssetHandlers</Filter>
    </ClInclude>
    <ClInclude Include="src\AssetHandlers\ParticleAssetHandler.h">
      <Filter>src\AssetHandlers</Filter>
    </ClInclude>
    <ClInclude Include="src\AssetHandlers\ShaderHandler.h">
      <Filter>src\AssetHandlers</Filter>
    </ClInclude>
    <ClInclude Include="src\AssetHandlers\TextureAssetHandler.h">
      <Filter>src\AssetHandlers</Filter>
    </ClInclude>
    <ClInclude Include="src\Audio\Audio.h">
      <Filter>src\Audio</Filter>
    </ClInclude>
    <ClInclude Include="src\Audio\AudioManager.h">
      <Filter>src\Audio</Filter>
    </ClInclude>
    <ClInclude Include="src\Compilers\ShaderCompiler.h">
      <Filter>src\Compilers</Filter>
    </ClInclude>
    <ClInclude Include="src\Components\AllComponents.h">
      <Filter>src\Components</Filter>
    </ClInclude>
    <ClInclude Include="src\Components\Animator.h">
      <Filter>src\Components</Filter>
    </ClInclude>
    <ClInclude Include="src\Components\Audio\AudioSource.h">
      <Filter>src\Components\Audio</Filter>
    </ClInclude>
    <ClInclude Include="src\Components\Camera.h">
      <Filter>src\Components</Filter>
    </ClInclude>
    <ClInclude Include="src\Components\CameraComponent.h">
      <Filter>src\Components</Filter>
    </ClInclude>
    <ClInclude Include="src\Components\CameraController.h">
      <Filter>src\Components</Filter>
    </ClInclude>
    <ClInclude Include="src\Components\Component.h">
      <Filter>src\Components</Filter>
    </ClInclude>
    <ClInclude Include="src\Components\Components.hpp">
      <Filter>src\Components</Filter>
    </ClInclude>
    <ClInclude Include="src\Components\IDComponent.h">
      <Filter>src\Components</Filter>
    </ClInclude>
    <ClInclude Include="src\Components\ModelComponent.h">
      <Filter>src\Components</Filter>
    </ClInclude>
    <ClInclude Include="src\Components\NativeScriptComponent.h">
      <Filter>src\Components</Filter>
    </ClInclude>
    <ClInclude Include="src\Components\Network\NetworkComponent.h">
      <Filter>src\Components\Network</Filter>
    </ClInclude>
    <ClInclude Include="src\Components\RandomMoverComponent.h">
      <Filter>src\Components</Filter>
    </ClInclude>
    <ClInclude Include="src\Components\Rotater.h">
      <Filter>src\Components</Filter>
    </ClInclude>
    <ClInclude Include="src\Components\TagComponent.h">
      <Filter>src\Components</Filter>
    </ClInclude>
    <ClInclude Include="src\Components\TransfromComponent.h">
      <Filter>src\Components</Filter>
    </ClInclude>
    <ClInclude Include="src\Core\Assert.h">
      <Filter>src\Core</Filter>
    </ClInclude>
    <ClInclude Include="src\Core\Asset\Asset.h">
      <Filter>src\Core\Asset</Filter>
    </ClInclude>
    <ClInclude Include="src\Core\Asset\AssetManager.h">
      <Filter>src\Core\Asset</Filter>
    </ClInclude>
    <ClInclude Include="src\Core\Asset\AssetManagerBase.h">
      <Filter>src\Core\Asset</Filter>
    </ClInclude>
    <ClInclude Include="src\Core\Asset\EditorAssetManager.h">
      <Filter>src\Core\Asset</Filter>
    </ClInclude>
    <ClInclude Include="src\Core\Asset\RuntimeAssetManager.h">
      <Filter>src\Core\Asset</Filter>
    </ClInclude>
    <ClInclude Include="src\Core\Buffer.h">
      <Filter>src\Core</Filter>
    </ClInclude>
    <ClInclude Include="src\Core\FileSystem.h">
      <Filter>src\Core</Filter>
    </ClInclude>
    <ClInclude Include="src\Core\Framework\DX11.h">
      <Filter>src\Core\Framework</Filter>
    </ClInclude>
    <ClInclude Include="src\Core\Framework\GraphicsBackend.hpp">
      <Filter>src\Core\Framework</Filter>
    </ClInclude>
    <ClInclude Include="src\Core\Model\Entity.h">
      <Filter>src\Core\Model</Filter>
    </ClInclude>
    <ClInclude Include="src\Core\Model\Material.h">
      <Filter>src\Core\Model</Filter>
    </ClInclude>
    <ClInclude Include="src\Core\Model\Model.h">
      <Filter>src\Core\Model</Filter>
    </ClInclude>
    <ClInclude Include="src\Core\Model\ModelData.h">
      <Filter>src\Core\Model</Filter>
    </ClInclude>
    <ClInclude Include="src\Core\Model\Render2D.h">
      <Filter>src\Core\Model</Filter>
    </ClInclude>
    <ClInclude Include="src\Core\Model\SceneObject.h">
      <Filter>src\Core\Model</Filter>
    </ClInclude>
    <ClInclude Include="src\Core\Model\ScriptableEntity.h">
      <Filter>src\Core\Model</Filter>
    </ClInclude>
    <ClInclude Include="src\Core\Model\SelectedObject.hpp">
      <Filter>src\Core\Model</Filter>
    </ClInclude>
    <ClInclude Include="src\Core\Model\Texture.h">
      <Filter>src\Core\Model</Filter>
    </ClInclude>
    <ClInclude Include="src\Core\Model\Transform.h">
      <Filter>src\Core\Model</Filter>
    </ClInclude>
    <ClInclude Include="src\Core\Model\Vertex.h">
      <Filter>src\Core\Model</Filter>
    </ClInclude>
    <ClInclude Include="src\Core\RenderModule.h">
      <Filter>src\Core</Filter>
    </ClInclude>
    <ClInclude Include="src\Core\Rendering\Buffers.h">
      <Filter>src\Core\Rendering</Filter>
    </ClInclude>
    <ClInclude Include="src\Core\Rendering\DeferredRenderer.h">
      <Filter>src\Core\Rendering</Filter>
    </ClInclude>
    <ClInclude Include="src\Core\Rendering\DepthStencil.h">
      <Filter>src\Core\Rendering</Filter>
    </ClInclude>
    <ClInclude Include="src\Core\Rendering\EditorCamera.h">
      <Filter>src\Core\Rendering</Filter>
    </ClInclude>
    <ClInclude Include="src\Core\Rendering\ForwardRenderer.h">
      <Filter>src\Core\Rendering</Filter>
    </ClInclude>
    <ClInclude Include="src\Core\Rendering\LineRenderer.h">
      <Filter>src\Core\Rendering</Filter>
    </ClInclude>
    <ClInclude Include="src\Core\Rendering\PixelShader.h">
      <Filter>src\Core\Rendering</Filter>
    </ClInclude>
    <ClInclude Include="src\Core\Rendering\PostProcessRenderer.h">
      <Filter>src\Core\Rendering</Filter>
    </ClInclude>
    <ClInclude Include="src\Core\Rendering\Render2D.h">
      <Filter>src\Core\Rendering</Filter>
    </ClInclude>
    <ClInclude Include="src\Core\Rendering\RenderBuffer.h">
      <Filter>src\Core\Rendering</Filter>
    </ClInclude>
    <ClInclude Include="src\Core\Rendering\RenderTexture.h">
      <Filter>src\Core\Rendering</Filter>
    </ClInclude>
    <ClInclude Include="src\Core\Rendering\Renderer.h">
      <Filter>src\Core\Rendering</Filter>
    </ClInclude>
    <ClInclude Include="src\Core\Rendering\RendererBase.h">
      <Filter>src\Core\Rendering</Filter>
    </ClInclude>
    <ClInclude Include="src\Core\Rendering\SelectionData.h">
      <Filter>src\Core\Rendering</Filter>
    </ClInclude>
    <ClInclude Include="src\Core\Rendering\ShadowRenderer.h">
      <Filter>src\Core\Rendering</Filter>
    </ClInclude>
    <ClInclude Include="src\Core\Rendering\TextRenderer.h">
      <Filter>src\Core\Rendering</Filter>
    </ClInclude>
    <ClInclude Include="src\Core\Rendering\VertexShader.h">
      <Filter>src\Core\Rendering</Filter>
    </ClInclude>
    <ClInclude Include="src\Debugger\ConsoleHelper.h">
      <Filter>src\Debugger</Filter>
    </ClInclude>
    <ClInclude Include="src\EngineSettingDefines.h">
      <Filter>src</Filter>
    </ClInclude>
    <ClInclude Include="src\EngineSettings\Settings.h">
      <Filter>src\EngineSettings</Filter>
    </ClInclude>
    <ClInclude Include="src\Font\Font.h">
      <Filter>src\Font</Filter>
    </ClInclude>
    <ClInclude Include="src\Font\MSDFData.h">
      <Filter>src\Font</Filter>
    </ClInclude>
    <ClInclude Include="src\GraphicsEngine.h">
      <Filter>src</Filter>
    </ClInclude>
    <ClInclude Include="src\GraphicsEngine.pch.h">
      <Filter>src</Filter>
    </ClInclude>
    <ClInclude Include="src\Input\Input.h">
      <Filter>src\Input</Filter>
    </ClInclude>
    <ClInclude Include="src\Light\DirectionalLight.h">
      <Filter>src\Light</Filter>
    </ClInclude>
    <ClInclude Include="src\Light\EnvironmentLight.h">
      <Filter>src\Light</Filter>
    </ClInclude>
    <ClInclude Include="src\Light\Light.h">
      <Filter>src\Light</Filter>
    </ClInclude>
    <ClInclude Include="src\Light\PointLight.h">
      <Filter>src\Light</Filter>
    </ClInclude>
    <ClInclude Include="src\Light\SpotLight.h">
      <Filter>src\Light</Filter>
    </ClInclude>
    <ClInclude Include="src\Managers\CommandManager.h">
      <Filter>src\Managers</Filter>
    </ClInclude>
    <ClInclude Include="src\Managers\Commands\AbstractCommand.h">
      <Filter>src\Managers\Commands</Filter>
    </ClInclude>
    <ClInclude Include="src\Managers\Commands\InspectorCommnad.h">
      <Filter>src\Managers\Commands</Filter>
    </ClInclude>
    <ClInclude Include="src\Managers\Commands\ModelCommand.h">
      <Filter>src\Managers\Commands</Filter>
    </ClInclude>
    <ClInclude Include="src\Managers\Commands\PositionCommand.h">
      <Filter>src\Managers\Commands</Filter>
    </ClInclude>
    <ClInclude Include="src\Managers\DropManager.h">
      <Filter>src\Managers</Filter>
    </ClInclude>
    <ClInclude Include="src\Managers\ThreadPool.h">
      <Filter>src\Managers</Filter>
    </ClInclude>
    <ClInclude Include="src\Managers\ThreadPool.hpp">
      <Filter>src\Managers</Filter>
    </ClInclude>
    <ClInclude Include="src\Network\NetworkSettings.h">
      <Filter>src\Network</Filter>
    </ClInclude>
    <ClInclude Include="src\Particles\ParticleEmitter.h">
      <Filter>src\Particles</Filter>
    </ClInclude>
    <ClInclude Include="src\Particles\ParticleEmitterTemplate.h">
      <Filter>src\Particles</Filter>
    </ClInclude>
    <ClInclude Include="src\Particles\ParticleSystem.h">
      <Filter>src\Particles</Filter>
    </ClInclude>
    <ClInclude Include="src\Physics\CharacterController.h">
      <Filter>src\Physics</Filter>
    </ClInclude>
    <ClInclude Include="src\Physics\ColliderMaterial.h">
      <Filter>src\Physics</Filter>
    </ClInclude>
    <ClInclude Include="src\Physics\JoltPhysics\JoltAPI.h">
      <Filter>src\Physics\JoltPhysics</Filter>
    </ClInclude>
    <ClInclude Include="src\Physics\JoltPhysics\JoltBinaryStream.h">
      <Filter>src\Physics\JoltPhysics</Filter>
    </ClInclude>
    <ClInclude Include="src\Physics\JoltPhysics\JoltBody.h">
      <Filter>src\Physics\JoltPhysics</Filter>
    </ClInclude>
    <ClInclude Include="src\Physics\JoltPhysics\JoltCaptureManager.h">
      <Filter>src\Physics\JoltPhysics</Filter>
    </ClInclude>
    <ClInclude Include="src\Physics\JoltPhysics\JoltCharacterController.h">
      <Filter>src\Physics\JoltPhysics</Filter>
    </ClInclude>
    <ClInclude Include="src\Physics\JoltPhysics\JoltContactListener.h">
      <Filter>src\Physics\JoltPhysics</Filter>
    </ClInclude>
    <ClInclude Include="src\Physics\JoltPhysics\JoltCookingFactory.h">
      <Filter>src\Physics\JoltPhysics</Filter>
    </ClInclude>
    <ClInclude Include="src\Physics\JoltPhysics\JoltLayerInterface.h">
      <Filter>src\Physics\JoltPhysics</Filter>
    </ClInclude>
    <ClInclude Include="src\Physics\JoltPhysics\JoltMaterial.h">
      <Filter>src\Physics\JoltPhysics</Filter>
    </ClInclude>
    <ClInclude Include="src\Physics\JoltPhysics\JoltScene.h">
      <Filter>src\Physics\JoltPhysics</Filter>
    </ClInclude>
    <ClInclude Include="src\Physics\JoltPhysics\JoltShapes.h">
      <Filter>src\Physics\JoltPhysics</Filter>
    </ClInclude>
    <ClInclude Include="src\Physics\JoltPhysics\JoltUtils.h">
      <Filter>src\Physics\JoltPhysics</Filter>
    </ClInclude>
    <ClInclude Include="src\Physics\MeshColliderCache.h">
      <Filter>src\Physics</Filter>
    </ClInclude>
    <ClInclude Include="src\Physics\MeshCookingFactory.h">
      <Filter>src\Physics</Filter>
    </ClInclude>
    <ClInclude Include="src\Physics\PhysicsAPI.h">
      <Filter>src\Physics</Filter>
    </ClInclude>
    <ClInclude Include="src\Physics\PhysicsBody.h">
      <Filter>src\Physics</Filter>
    </ClInclude>
    <ClInclude Include="src\Physics\PhysicsCaptureManager.h">
      <Filter>src\Physics</Filter>
    </ClInclude>
    <ClInclude Include="src\Physics\PhysicsContactCallback.h">
      <Filter>src\Physics</Filter>
    </ClInclude>
    <ClInclude Include="src\Physics\PhysicsLayer.h">
      <Filter>src\Physics</Filter>
    </ClInclude>
    <ClInclude Include="src\Physics\PhysicsScene.h">
      <Filter>src\Physics</Filter>
    </ClInclude>
    <ClInclude Include="src\Physics\PhysicsSettings.h">
      <Filter>src\Physics</Filter>
    </ClInclude>
    <ClInclude Include="src\Physics\PhysicsShapes.h">
      <Filter>src\Physics</Filter>
    </ClInclude>
    <ClInclude Include="src\Physics\PhysicsSystem.h">
      <Filter>src\Physics</Filter>
    </ClInclude>
    <ClInclude Include="src\Physics\PhysicsTypes.h">
      <Filter>src\Physics</Filter>
    </ClInclude>
    <ClInclude Include="src\Physics\SceneQueries.h">
      <Filter>src\Physics</Filter>
    </ClInclude>
    <ClInclude Include="src\Project\Project.h">
      <Filter>src\Project</Filter>
    </ClInclude>
    <ClInclude Include="src\Project\ProjectSerializer.h">
      <Filter>src\Project</Filter>
    </ClInclude>
    <ClInclude Include="src\Scene\Scene.h">
      <Filter>src\Scene</Filter>
    </ClInclude>
    <ClInclude Include="src\Scene\SceneManager.h">
      <Filter>src\Scene</Filter>
    </ClInclude>
    <ClInclude Include="src\Scene\SceneSerializer.h">
      <Filter>src\Scene</Filter>
    </ClInclude>
    <ClInclude Include="src\Scene\UUID.h">
      <Filter>src\Scene</Filter>
    </ClInclude>
    <ClInclude Include="src\Scripting\ScriptEngine.h">
      <Filter>src\Scripting</Filter>
    </ClInclude>
    <ClInclude Include="src\Scripting\ScriptGlue.h">
      <Filter>src\Scripting</Filter>
    </ClInclude>
    <ClInclude Include="src\Scripting\ScriptRegister.h">
      <Filter>src\Scripting</Filter>
    </ClInclude>
    <ClInclude Include="src\Scripting\ScriptUtils.h">
      <Filter>src\Scripting</Filter>
    </ClInclude>
    <ClInclude Include="src\Time.hpp">
      <Filter>src</Filter>
    </ClInclude>
    <ClInclude Include="src\Types\EnumTypes.h">
      <Filter>src\Types</Filter>
    </ClInclude>
    <ClInclude Include="src\Types\FileExtensions.h">
      <Filter>src\Types</Filter>
    </ClInclude>
    <ClInclude Include="src\VR\VRMath.h">
      <Filter>src\VR</Filter>
    </ClInclude>
    <ClInclude Include="src\VR\VRSystem.h">
      <Filter>src\VR</Filter>
    </ClInclude>
  </ItemGroup>
  <ItemGroup>
    <ClCompile Include="Log.cpp" />
    <ClCompile Include="src\AssetHandlers\DDSTextureLoader11.cpp">
      <Filter>src\AssetHandlers</Filter>
    </ClCompile>
    <ClCompile Include="src\AssetHandlers\FontAssetHandler.cpp">
      <Filter>src\AssetHandlers</Filter>
    </ClCompile>
    <ClCompile Include="src\AssetHandlers\LightAssetHandler.cpp">
      <Filter>src\AssetHandlers</Filter>
    </ClCompile>
    <ClCompile Include="src\AssetHandlers\MetaFileHandler.cpp">
      <Filter>src\AssetHandlers</Filter>
    </ClCompile>
    <ClCompile Include="src\AssetHandlers\ModelAssetHandler.cpp">
      <Filter>src\AssetHandlers</Filter>
    </ClCompile>
    <ClCompile Include="src\AssetHandlers\ParticleAssetHandler.cpp">
      <Filter>src\AssetHandlers</Filter>
    </ClCompile>
    <ClCompile Include="src\AssetHandlers\ShaderHandler.cpp">
      <Filter>src\AssetHandlers</Filter>
    </ClCompile>
    <ClCompile Include="src\AssetHandlers\TextureAssetHandler.cpp">
      <Filter>src\AssetHandlers</Filter>
    </ClCompile>
    <ClCompile Include="src\Audio\AudioManager.cpp">
      <Filter>src\Audio</Filter>
    </ClCompile>
    <ClCompile Include="src\Compilers\ShaderCompiler.cpp">
      <Filter>src\Compilers</Filter>
    </ClCompile>
    <ClCompile Include="src\Components\Camera.cpp">
      <Filter>src\Components</Filter>
    </ClCompile>
    <ClCompile Include="src\Components\CameraComponent.cpp">
      <Filter>src\Components</Filter>
    </ClCompile>
    <ClCompile Include="src\Components\CameraController.cpp">
      <Filter>src\Components</Filter>
    </ClCompile>
    <ClCompile Include="src\Components\Component.cpp">
      <Filter>src\Components</Filter>
    </ClCompile>
    <ClCompile Include="src\Components\Network\NetworkComponent.cpp">
      <Filter>src\Components\Network</Filter>
    </ClCompile>
    <ClCompile Include="src\Components\RandomMoverComponent.cpp">
      <Filter>src\Components</Filter>
    </ClCompile>
    <ClCompile Include="src\Components\TransfromComponent.cpp">
      <Filter>src\Components</Filter>
    </ClCompile>
    <ClCompile Include="src\Core\Asset\Asset.cpp">
      <Filter>src\Core\Asset</Filter>
    </ClCompile>
    <ClCompile Include="src\Core\Asset\AssetManager.cpp">
      <Filter>src\Core\Asset</Filter>
    </ClCompile>
    <ClCompile Include="src\Core\Asset\AssetManagerBase.cpp">
      <Filter>src\Core\Asset</Filter>
    </ClCompile>
    <ClCompile Include="src\Core\Asset\EditorAssetManager.cpp">
      <Filter>src\Core\Asset</Filter>
    </ClCompile>
    <ClCompile Include="src\Core\Asset\RuntimeAssetManager.cpp">
      <Filter>src\Core\Asset</Filter>
    </ClCompile>
    <ClCompile Include="src\Core\FileSystem.cpp">
      <Filter>src\Core</Filter>
    </ClCompile>
    <ClCompile Include="src\Core\Framework\DX11.cpp">
      <Filter>src\Core\Framework</Filter>
    </ClCompile>
    <ClCompile Include="src\Core\Model\Entity.cpp">
      <Filter>src\Core\Model</Filter>
    </ClCompile>
    <ClCompile Include="src\Core\Model\Material.cpp">
      <Filter>src\Core\Model</Filter>
    </ClCompile>
    <ClCompile Include="src\Core\Model\Model.cpp">
      <Filter>src\Core\Model</Filter>
    </ClCompile>
    <ClCompile Include="src\Core\Model\SceneObject.cpp">
      <Filter>src\Core\Model</Filter>
    </ClCompile>
    <ClCompile Include="src\Core\Model\ScriptableEntity.cpp">
      <Filter>src\Core\Model</Filter>
    </ClCompile>
    <ClCompile Include="src\Core\Model\Texture.cpp">
      <Filter>src\Core\Model</Filter>
    </ClCompile>
    <ClCompile Include="src\Core\Model\Transform.cpp">
      <Filter>src\Core\Model</Filter>
    </ClCompile>
    <ClCompile Include="src\Core\Rendering\DeferredRenderer.cpp">
      <Filter>src\Core\Rendering</Filter>
    </ClCompile>
    <ClCompile Include="src\Core\Rendering\EditorCamera.cpp">
      <Filter>src\Core\Rendering</Filter>
    </ClCompile>
    <ClCompile Include="src\Core\Rendering\ForwardRenderer.cpp">
      <Filter>src\Core\Rendering</Filter>
    </ClCompile>
    <ClCompile Include="src\Core\Rendering\LineRenderer.cpp">
      <Filter>src\Core\Rendering</Filter>
    </ClCompile>
    <ClCompile Include="src\Core\Rendering\PixelShader.cpp">
      <Filter>src\Core\Rendering</Filter>
    </ClCompile>
    <ClCompile Include="src\Core\Rendering\PostProcessRenderer.cpp">
      <Filter>src\Core\Rendering</Filter>
    </ClCompile>
    <ClCompile Include="src\Core\Rendering\Render2D.cpp">
      <Filter>src\Core\Rendering</Filter>
    </ClCompile>
    <ClCompile Include="src\Core\Rendering\RenderBuffer.cpp">
      <Filter>src\Core\Rendering</Filter>
    </ClCompile>
    <ClCompile Include="src\Core\Rendering\RenderTexture.cpp">
      <Filter>src\Core\Rendering</Filter>
    </ClCompile>
    <ClCompile Include="src\Core\Rendering\Renderer.cpp">
      <Filter>src\Core\Rendering</Filter>
    </ClCompile>
    <ClCompile Include="src\Core\Rendering\RendererBase.cpp">
      <Filter>src\Core\Rendering</Filter>
    </ClCompile>
    <ClCompile Include="src\Core\Rendering\ShadowRenderer.cpp">
      <Filter>src\Core\Rendering</Filter>
    </ClCompile>
    <ClCompile Include="src\Core\Rendering\TextRenderer.cpp">
      <Filter>src\Core\Rendering</Filter>
    </ClCompile>
    <ClCompile Include="src\Core\Rendering\VertexShader.cpp">
      <Filter>src\Core\Rendering</Filter>
    </ClCompile>
    <ClCompile Include="src\Debugger\ConsoleHelper.cpp">
      <Filter>src\Debugger</Filter>
    </ClCompile>
    <ClCompile Include="src\Font\Font.cpp">
      <Filter>src\Font</Filter>
    </ClCompile>
    <ClCompile Include="src\GraphicsEngine.cpp">
      <Filter>src</Filter>
    </ClCompile>
    <ClCompile Include="src\GraphicsEngine.pch.cpp">
      <Filter>src</Filter>
    </ClCompile>
    <ClCompile Include="src\Input\Input.cpp">
      <Filter>src\Input</Filter>
    </ClCompile>
    <ClCompile Include="src\Light\DirectionalLight.cpp">
      <Filter>src\Light</Filter>
    </ClCompile>
    <ClCompile Include="src\Light\EnvironmentLight.cpp">
      <Filter>src\Light</Filter>
    </ClCompile>
    <ClCompile Include="src\Light\PointLight.cpp">
      <Filter>src\Light</Filter>
    </ClCompile>
    <ClCompile Include="src\Light\SpotLight.cpp">
      <Filter>src\Light</Filter>
    </ClCompile>
    <ClCompile Include="src\Managers\CommandManager.cpp">
      <Filter>src\Managers</Filter>
    </ClCompile>
    <ClCompile Include="src\Particles\ParticleEmitter.cpp">
      <Filter>src\Particles</Filter>
    </ClCompile>
    <ClCompile Include="src\Particles\ParticleEmitterTemplate.cpp">
      <Filter>src\Particles</Filter>
    </ClCompile>
    <ClCompile Include="src\Particles\ParticleSystem.cpp">
      <Filter>src\Particles</Filter>
    </ClCompile>
    <ClCompile Include="src\Physics\JoltPhysics\JoltAPI.cpp">
      <Filter>src\Physics\JoltPhysics</Filter>
    </ClCompile>
    <ClCompile Include="src\Physics\JoltPhysics\JoltBinaryStream.cpp">
      <Filter>src\Physics\JoltPhysics</Filter>
    </ClCompile>
    <ClCompile Include="src\Physics\JoltPhysics\JoltBody.cpp">
      <Filter>src\Physics\JoltPhysics</Filter>
    </ClCompile>
    <ClCompile Include="src\Physics\JoltPhysics\JoltCaptureManager.cpp">
      <Filter>src\Physics\JoltPhysics</Filter>
    </ClCompile>
    <ClCompile Include="src\Physics\JoltPhysics\JoltCharacterController.cpp">
      <Filter>src\Physics\JoltPhysics</Filter>
    </ClCompile>
    <ClCompile Include="src\Physics\JoltPhysics\JoltContactListener.cpp">
      <Filter>src\Physics\JoltPhysics</Filter>
    </ClCompile>
    <ClCompile Include="src\Physics\JoltPhysics\JoltCookingFactory.cpp">
      <Filter>src\Physics\JoltPhysics</Filter>
    </ClCompile>
    <ClCompile Include="src\Physics\JoltPhysics\JoltLayerInterface.cpp">
      <Filter>src\Physics\JoltPhysics</Filter>
    </ClCompile>
    <ClCompile Include="src\Physics\JoltPhysics\JoltMaterial.cpp">
      <Filter>src\Physics\JoltPhysics</Filter>
    </ClCompile>
    <ClCompile Include="src\Physics\JoltPhysics\JoltProfiler.cpp">
      <Filter>src\Physics\JoltPhysics</Filter>
    </ClCompile>
    <ClCompile Include="src\Physics\JoltPhysics\JoltScene.cpp">
      <Filter>src\Physics\JoltPhysics</Filter>
    </ClCompile>
    <ClCompile Include="src\Physics\JoltPhysics\JoltShapes.cpp">
      <Filter>src\Physics\JoltPhysics</Filter>
    </ClCompile>
    <ClCompile Include="src\Physics\JoltPhysics\JoltUtils.cpp">
      <Filter>src\Physics\JoltPhysics</Filter>
    </ClCompile>
    <ClCompile Include="src\Physics\MeshColliderCache.cpp">
      <Filter>src\Physics</Filter>
    </ClCompile>
    <ClCompile Include="src\Physics\MeshCookingFactory.cpp">
      <Filter>src\Physics</Filter>
    </ClCompile>
    <ClCompile Include="src\Physics\PhysicsAPI.cpp">
      <Filter>src\Physics</Filter>
    </ClCompile>
    <ClCompile Include="src\Physics\PhysicsBody.cpp">
      <Filter>src\Physics</Filter>
    </ClCompile>
    <ClCompile Include="src\Physics\PhysicsCaptureManager.cpp">
      <Filter>src\Physics</Filter>
    </ClCompile>
    <ClCompile Include="src\Physics\PhysicsLayer.cpp">
      <Filter>src\Physics</Filter>
    </ClCompile>
    <ClCompile Include="src\Physics\PhysicsScene.cpp">
      <Filter>src\Physics</Filter>
    </ClCompile>
    <ClCompile Include="src\Physics\PhysicsShapes.cpp">
      <Filter>src\Physics</Filter>
    </ClCompile>
    <ClCompile Include="src\Physics\PhysicsSystem.cpp">
      <Filter>src\Physics</Filter>
    </ClCompile>
    <ClCompile Include="src\Project\Project.cpp">
      <Filter>src\Project</Filter>
    </ClCompile>
    <ClCompile Include="src\Project\ProjectSerializer.cpp">
      <Filter>src\Project</Filter>
    </ClCompile>
    <ClCompile Include="src\Scene\Scene.cpp">
      <Filter>src\Scene</Filter>
    </ClCompile>
    <ClCompile Include="src\Scene\SceneManager.cpp">
      <Filter>src\Scene</Filter>
    </ClCompile>
    <ClCompile Include="src\Scene\SceneSerializer.cpp">
      <Filter>src\Scene</Filter>
    </ClCompile>
    <ClCompile Include="src\Scene\UUID.cpp">
      <Filter>src\Scene</Filter>
    </ClCompile>
    <ClCompile Include="src\Scripting\ScriptEngine.cpp">
      <Filter>src\Scripting</Filter>
    </ClCompile>
    <ClCompile Include="src\Scripting\ScriptGlue.cpp">
      <Filter>src\Scripting</Filter>
    </ClCompile>
    <ClCompile Include="src\Scripting\ScriptRegister.cpp">
      <Filter>src\Scripting</Filter>
    </ClCompile>
    <ClCompile Include="src\Scripting\ScriptUtils.cpp">
      <Filter>src\Scripting</Filter>
    </ClCompile>
    <ClCompile Include="src\VR\VRSystem.cpp">
      <Filter>src\VR</Filter>
    </ClCompile>
  </ItemGroup>
</Project>