<?xml version="1.0" encoding="utf-8"?>
<Project ToolsVersion="4.0" xmlns="http://schemas.microsoft.com/developer/msbuild/2003">
  <ItemGroup>
    <Filter Include="AssetHandlers">
      <UniqueIdentifier>{D675DE7F-4236-5AB6-0B71-A33377F09E92}</UniqueIdentifier>
    </Filter>
    <Filter Include="Audio">
      <UniqueIdentifier>{9718D90C-032D-01BE-CCAE-A41D3882FDEE}</UniqueIdentifier>
    </Filter>
    <Filter Include="Compilers">
      <UniqueIdentifier>{B312B0B2-1F7D-6429-68BB-15CFD464427E}</UniqueIdentifier>
    </Filter>
    <Filter Include="Components">
      <UniqueIdentifier>{6B7DD516-5735-1764-C03C-F0BFAC13B254}</UniqueIdentifier>
    </Filter>
    <Filter Include="Components\Audio">
      <UniqueIdentifier>{AC2F53F1-9828-7243-C15A-57C8ADB2514F}</UniqueIdentifier>
    </Filter>
    <Filter Include="Components\Network">
      <UniqueIdentifier>{E49A6957-D07E-2AAD-39DF-240025E2142F}</UniqueIdentifier>
    </Filter>
    <Filter Include="Core">
      <UniqueIdentifier>{2EB4837C-1AEB-840D-C3D7-6A10AFED000F}</UniqueIdentifier>
    </Filter>
    <Filter Include="Core\Asset">
      <UniqueIdentifier>{3D53EDCC-290B-2F1A-9212-08767EE9C90A}</UniqueIdentifier>
    </Filter>
    <Filter Include="Core\Framework">
      <UniqueIdentifier>{2BC21F60-1790-1366-0024-848CEC90EFCA}</UniqueIdentifier>
    </Filter>
    <Filter Include="Core\Model">
      <UniqueIdentifier>{EE07C4CD-DABF-051B-43C7-DE762F9EA00B}</UniqueIdentifier>
    </Filter>
    <Filter Include="Core\Rendering">
      <UniqueIdentifier>{FB0E51AA-E7DC-44B0-D070-B5D6BCDD2015}</UniqueIdentifier>
    </Filter>
    <Filter Include="Debugger">
      <UniqueIdentifier>{2ACD0289-169A-5D94-3FB3-4B3C2BDF9222}</UniqueIdentifier>
    </Filter>
    <Filter Include="EngineSettings">
      <UniqueIdentifier>{CC683645-B836-2A4B-A1CA-9A718D3706B0}</UniqueIdentifier>
    </Filter>
    <Filter Include="Font">
      <UniqueIdentifier>{DC58857C-C88F-860D-717C-6C105D92020F}</UniqueIdentifier>
    </Filter>
    <Filter Include="Input">
      <UniqueIdentifier>{953A660D-014F-8EBE-CAD0-311E36A48AEF}</UniqueIdentifier>
    </Filter>
    <Filter Include="Light">
      <UniqueIdentifier>{3D9E990D-A9B2-C1BE-7234-651EDE07BEEF}</UniqueIdentifier>
    </Filter>
    <Filter Include="Managers">
      <UniqueIdentifier>{B34CFEBD-9F19-59C9-C832-4771B45E8E57}</UniqueIdentifier>
    </Filter>
    <Filter Include="Managers\Commands">
      <UniqueIdentifier>{54E1F8F0-C0F7-F686-096F-82A875C4C70E}</UniqueIdentifier>
    </Filter>
    <Filter Include="Network">
      <UniqueIdentifier>{8F6A0D6C-FB49-8C07-0462-17DE70C0F268}</UniqueIdentifier>
    </Filter>
    <Filter Include="Particles">
      <UniqueIdentifier>{6C2A9B3B-D894-4FB2-21D3-00588D7C2D07}</UniqueIdentifier>
    </Filter>
    <Filter Include="Physics">
      <UniqueIdentifier>{888B590D-F46A-D8A8-FD82-637F69E13E0A}</UniqueIdentifier>
    </Filter>
    <Filter Include="Physics\JoltPhysics">
      <UniqueIdentifier>{F39E7C25-5F00-5A33-E86D-A0E554CE90F2}</UniqueIdentifier>
    </Filter>
    <Filter Include="Project">
      <UniqueIdentifier>{5C2CF323-C80B-72BF-D123-FD953D82D820}</UniqueIdentifier>
    </Filter>
    <Filter Include="Scene">
      <UniqueIdentifier>{B3F7140E-1F0C-3DBF-E88D-E01E546139F0}</UniqueIdentifier>
    </Filter>
    <Filter Include="Scripting">
      <UniqueIdentifier>{985A7358-04C5-27CF-4D03-D974B9AC0524}</UniqueIdentifier>
    </Filter>
    <Filter Include="Types">
      <UniqueIdentifier>{3A4E330E-A662-5BBF-6FE4-FE1EDBB757F0}</UniqueIdentifier>
    </Filter>
    <Filter Include="VR">
      <UniqueIdentifier>{AD755900-9901-880B-02B0-880BEE5A880B}</UniqueIdentifier>
    </Filter>
  </ItemGroup>
  <ItemGroup>
    <ClInclude Include="src\AssetHandlers\DDSTextureLoader11.h">
      <Filter>AssetHandlers</Filter>
    </ClInclude>
    <ClInclude Include="src\AssetHandlers\FontAssetHandler.h">
      <Filter>AssetHandlers</Filter>
    </ClInclude>
    <ClInclude Include="src\AssetHandlers\LightAssetHandler.h">
      <Filter>AssetHandlers</Filter>
    </ClInclude>
    <ClInclude Include="src\AssetHandlers\MetaFileHandler.h">
      <Filter>AssetHandlers</Filter>
    </ClInclude>
    <ClInclude Include="src\AssetHandlers\ModelAssetHandler.h">
      <Filter>AssetHandlers</Filter>
    </ClInclude>
    <ClInclude Include="src\AssetHandlers\ParticleAssetHandler.h">
      <Filter>AssetHandlers</Filter>
    </ClInclude>
    <ClInclude Include="src\AssetHandlers\ShaderHandler.h">
      <Filter>AssetHandlers</Filter>
    </ClInclude>
    <ClInclude Include="src\AssetHandlers\TextureAssetHandler.h">
      <Filter>AssetHandlers</Filter>
    </ClInclude>
    <ClInclude Include="src\Audio\Audio.h">
      <Filter>Audio</Filter>
    </ClInclude>
    <ClInclude Include="src\Audio\AudioManager.h">
      <Filter>Audio</Filter>
    </ClInclude>
    <ClInclude Include="src\Compilers\ShaderCompiler.h">
      <Filter>Compilers</Filter>
    </ClInclude>
    <ClInclude Include="src\Components\AllComponents.h">
      <Filter>Components</Filter>
    </ClInclude>
    <ClInclude Include="src\Components\Animator.h">
      <Filter>Components</Filter>
    </ClInclude>
    <ClInclude Include="src\Components\Audio\AudioSource.h">
      <Filter>Components\Audio</Filter>
    </ClInclude>
    <ClInclude Include="src\Components\Camera.h">
      <Filter>Components</Filter>
    </ClInclude>
    <ClInclude Include="src\Components\CameraComponent.h">
      <Filter>Components</Filter>
    </ClInclude>
    <ClInclude Include="src\Components\CameraController.h">
      <Filter>Components</Filter>
    </ClInclude>
    <ClInclude Include="src\Components\Component.h">
      <Filter>Components</Filter>
    </ClInclude>
    <ClInclude Include="src\Components\Components.hpp">
      <Filter>Components</Filter>
    </ClInclude>
    <ClInclude Include="src\Components\IDComponent.h">
      <Filter>Components</Filter>
    </ClInclude>
    <ClInclude Include="src\Components\ModelComponent.h">
      <Filter>Components</Filter>
    </ClInclude>
    <ClInclude Include="src\Components\NativeScriptComponent.h">
      <Filter>Components</Filter>
    </ClInclude>
    <ClInclude Include="src\Components\Network\NetworkComponent.h">
      <Filter>Components\Network</Filter>
    </ClInclude>
    <ClInclude Include="src\Components\RandomMoverComponent.h">
      <Filter>Components</Filter>
    </ClInclude>
    <ClInclude Include="src\Components\Rotater.h">
      <Filter>Components</Filter>
    </ClInclude>
    <ClInclude Include="src\Components\TagComponent.h">
      <Filter>Components</Filter>
    </ClInclude>
    <ClInclude Include="src\Components\TransfromComponent.h">
      <Filter>Components</Filter>
    </ClInclude>
    <ClInclude Include="src\Core\Assert.h">
      <Filter>Core</Filter>
    </ClInclude>
    <ClInclude Include="src\Core\Asset\Asset.h">
      <Filter>Core\Asset</Filter>
    </ClInclude>
    <ClInclude Include="src\Core\Asset\AssetManager.h">
      <Filter>Core\Asset</Filter>
    </ClInclude>
    <ClInclude Include="src\Core\Asset\AssetManagerBase.h">
      <Filter>Core\Asset</Filter>
    </ClInclude>
    <ClInclude Include="src\Core\Asset\EditorAssetManager.h">
      <Filter>Core\Asset</Filter>
    </ClInclude>
    <ClInclude Include="src\Core\Asset\RuntimeAssetManager.h">
      <Filter>Core\Asset</Filter>
    </ClInclude>
    <ClInclude Include="src\Core\Buffer.h">
      <Filter>Core</Filter>
    </ClInclude>
    <ClInclude Include="src\Core\FileSystem.h">
      <Filter>Core</Filter>
    </ClInclude>
    <ClInclude Include="src\Core\Framework\DX11.h">
      <Filter>Core\Framework</Filter>
    </ClInclude>
    <ClInclude Include="src\Core\KeyCodes.h">
      <Filter>Core</Filter>
    </ClInclude>
    <ClInclude Include="src\Core\Model\Entity.h">
      <Filter>Core\Model</Filter>
    </ClInclude>
    <ClInclude Include="src\Core\Model\Material.h">
      <Filter>Core\Model</Filter>
    </ClInclude>
    <ClInclude Include="src\Core\Model\Model.h">
      <Filter>Core\Model</Filter>
    </ClInclude>
    <ClInclude Include="src\Core\Model\ModelData.h">
      <Filter>Core\Model</Filter>
    </ClInclude>
    <ClInclude Include="src\Core\Model\Render2D.h">
      <Filter>Core\Model</Filter>
    </ClInclude>
    <ClInclude Include="src\Core\Model\SceneObject.h">
      <Filter>Core\Model</Filter>
    </ClInclude>
    <ClInclude Include="src\Core\Model\ScriptableEntity.h">
      <Filter>Core\Model</Filter>
    </ClInclude>
    <ClInclude Include="src\Core\Model\SelectedObject.hpp">
      <Filter>Core\Model</Filter>
    </ClInclude>
    <ClInclude Include="src\Core\Model\Texture.h">
      <Filter>Core\Model</Filter>
    </ClInclude>
    <ClInclude Include="src\Core\Model\Transform.h">
      <Filter>Core\Model</Filter>
    </ClInclude>
    <ClInclude Include="src\Core\Model\Vertex.h">
      <Filter>Core\Model</Filter>
    </ClInclude>
    <ClInclude Include="src\Core\Rendering\Buffers.h">
      <Filter>Core\Rendering</Filter>
    </ClInclude>
    <ClInclude Include="src\Core\Rendering\DeferredRenderer.h">
      <Filter>Core\Rendering</Filter>
    </ClInclude>
    <ClInclude Include="src\Core\Rendering\DepthStencil.h">
      <Filter>Core\Rendering</Filter>
    </ClInclude>
    <ClInclude Include="src\Core\Rendering\ForwardRenderer.h">
      <Filter>Core\Rendering</Filter>
    </ClInclude>
    <ClInclude Include="src\Core\Rendering\LineRenderer.h">
      <Filter>Core\Rendering</Filter>
    </ClInclude>
    <ClInclude Include="src\Core\Rendering\PixelShader.h">
      <Filter>Core\Rendering</Filter>
    </ClInclude>
    <ClInclude Include="src\Core\Rendering\PostProcessRenderer.h">
      <Filter>Core\Rendering</Filter>
    </ClInclude>
    <ClInclude Include="src\Core\Rendering\Render2D.h">
      <Filter>Core\Rendering</Filter>
    </ClInclude>
    <ClInclude Include="src\Core\Rendering\RenderBuffer.h">
      <Filter>Core\Rendering</Filter>
    </ClInclude>
    <ClInclude Include="src\Core\Rendering\RenderTexture.h">
      <Filter>Core\Rendering</Filter>
    </ClInclude>
    <ClInclude Include="src\Core\Rendering\Renderer.h">
      <Filter>Core\Rendering</Filter>
    </ClInclude>
    <ClInclude Include="src\Core\Rendering\RendererBase.h">
      <Filter>Core\Rendering</Filter>
    </ClInclude>
    <ClInclude Include="src\Core\Rendering\SelectionData.h">
      <Filter>Core\Rendering</Filter>
    </ClInclude>
    <ClInclude Include="src\Core\Rendering\ShadowRenderer.h">
      <Filter>Core\Rendering</Filter>
    </ClInclude>
    <ClInclude Include="src\Core\Rendering\VertexShader.h">
      <Filter>Core\Rendering</Filter>
    </ClInclude>
    <ClInclude Include="src\Debugger\ConsoleHelper.h">
      <Filter>Debugger</Filter>
    </ClInclude>
    <ClInclude Include="src\EngineSettingDefines.h" />
    <ClInclude Include="src\EngineSettings\Settings.h">
      <Filter>EngineSettings</Filter>
    </ClInclude>
    <ClInclude Include="src\Font\Font.h">
      <Filter>Font</Filter>
    </ClInclude>
    <ClInclude Include="src\Font\MSDFData.h">
      <Filter>Font</Filter>
    </ClInclude>
    <ClInclude Include="src\GraphicsEngine.h" />
    <ClInclude Include="src\GraphicsEngine.pch.h" />
    <ClInclude Include="src\Input\Input.h">
      <Filter>Input</Filter>
    </ClInclude>
    <ClInclude Include="src\Light\DirectionalLight.h">
      <Filter>Light</Filter>
    </ClInclude>
    <ClInclude Include="src\Light\EnvironmentLight.h">
      <Filter>Light</Filter>
    </ClInclude>
    <ClInclude Include="src\Light\Light.h">
      <Filter>Light</Filter>
    </ClInclude>
    <ClInclude Include="src\Light\PointLight.h">
      <Filter>Light</Filter>
    </ClInclude>
    <ClInclude Include="src\Light\SpotLight.h">
      <Filter>Light</Filter>
    </ClInclude>
    <ClInclude Include="src\Managers\CommandManager.h">
      <Filter>Managers</Filter>
    </ClInclude>
    <ClInclude Include="src\Managers\Commands\AbstractCommand.h">
      <Filter>Managers\Commands</Filter>
    </ClInclude>
    <ClInclude Include="src\Managers\Commands\InspectorCommnad.h">
      <Filter>Managers\Commands</Filter>
    </ClInclude>
    <ClInclude Include="src\Managers\Commands\ModelCommand.h">
      <Filter>Managers\Commands</Filter>
    </ClInclude>
    <ClInclude Include="src\Managers\Commands\PositionCommand.h">
      <Filter>Managers\Commands</Filter>
    </ClInclude>
    <ClInclude Include="src\Managers\DropManager.h">
      <Filter>Managers</Filter>
    </ClInclude>
    <ClInclude Include="src\Managers\ThreadPool.h">
      <Filter>Managers</Filter>
    </ClInclude>
    <ClInclude Include="src\Managers\ThreadPool.hpp">
      <Filter>Managers</Filter>
    </ClInclude>
    <ClInclude Include="src\Network\NetworkSettings.h">
      <Filter>Network</Filter>
    </ClInclude>
    <ClInclude Include="src\Particles\ParticleEmitter.h">
      <Filter>Particles</Filter>
    </ClInclude>
    <ClInclude Include="src\Particles\ParticleEmitterTemplate.h">
      <Filter>Particles</Filter>
    </ClInclude>
    <ClInclude Include="src\Particles\ParticleSystem.h">
      <Filter>Particles</Filter>
    </ClInclude>
    <ClInclude Include="src\Physics\CharacterController.h">
      <Filter>Physics</Filter>
    </ClInclude>
    <ClInclude Include="src\Physics\ColliderMaterial.h">
      <Filter>Physics</Filter>
    </ClInclude>
    <ClInclude Include="src\Physics\JoltPhysics\JoltAPI.h">
      <Filter>Physics\JoltPhysics</Filter>
    </ClInclude>
    <ClInclude Include="src\Physics\JoltPhysics\JoltBinaryStream.h">
      <Filter>Physics\JoltPhysics</Filter>
    </ClInclude>
    <ClInclude Include="src\Physics\JoltPhysics\JoltBody.h">
      <Filter>Physics\JoltPhysics</Filter>
    </ClInclude>
    <ClInclude Include="src\Physics\JoltPhysics\JoltCaptureManager.h">
      <Filter>Physics\JoltPhysics</Filter>
    </ClInclude>
    <ClInclude Include="src\Physics\JoltPhysics\JoltCharacterController.h">
      <Filter>Physics\JoltPhysics</Filter>
    </ClInclude>
    <ClInclude Include="src\Physics\JoltPhysics\JoltContactListener.h">
      <Filter>Physics\JoltPhysics</Filter>
    </ClInclude>
    <ClInclude Include="src\Physics\JoltPhysics\JoltCookingFactory.h">
      <Filter>Physics\JoltPhysics</Filter>
    </ClInclude>
    <ClInclude Include="src\Physics\JoltPhysics\JoltLayerInterface.h">
      <Filter>Physics\JoltPhysics</Filter>
    </ClInclude>
    <ClInclude Include="src\Physics\JoltPhysics\JoltMaterial.h">
      <Filter>Physics\JoltPhysics</Filter>
    </ClInclude>
    <ClInclude Include="src\Physics\JoltPhysics\JoltScene.h">
      <Filter>Physics\JoltPhysics</Filter>
    </ClInclude>
    <ClInclude Include="src\Physics\JoltPhysics\JoltShapes.h">
      <Filter>Physics\JoltPhysics</Filter>
    </ClInclude>
    <ClInclude Include="src\Physics\JoltPhysics\JoltUtils.h">
      <Filter>Physics\JoltPhysics</Filter>
    </ClInclude>
    <ClInclude Include="src\Physics\MeshColliderCache.h">
      <Filter>Physics</Filter>
    </ClInclude>
    <ClInclude Include="src\Physics\MeshCookingFactory.h">
      <Filter>Physics</Filter>
    </ClInclude>
    <ClInclude Include="src\Physics\PhysicsAPI.h">
      <Filter>Physics</Filter>
    </ClInclude>
    <ClInclude Include="src\Physics\PhysicsBody.h">
      <Filter>Physics</Filter>
    </ClInclude>
    <ClInclude Include="src\Physics\PhysicsCaptureManager.h">
      <Filter>Physics</Filter>
    </ClInclude>
    <ClInclude Include="src\Physics\PhysicsContactCallback.h">
      <Filter>Physics</Filter>
    </ClInclude>
    <ClInclude Include="src\Physics\PhysicsLayer.h">
      <Filter>Physics</Filter>
    </ClInclude>
    <ClInclude Include="src\Physics\PhysicsScene.h">
      <Filter>Physics</Filter>
    </ClInclude>
    <ClInclude Include="src\Physics\PhysicsSettings.h">
      <Filter>Physics</Filter>
    </ClInclude>
    <ClInclude Include="src\Physics\PhysicsShapes.h">
      <Filter>Physics</Filter>
    </ClInclude>
    <ClInclude Include="src\Physics\PhysicsSystem.h">
      <Filter>Physics</Filter>
    </ClInclude>
    <ClInclude Include="src\Physics\PhysicsTypes.h">
      <Filter>Physics</Filter>
    </ClInclude>
    <ClInclude Include="src\Physics\SceneQueries.h">
      <Filter>Physics</Filter>
    </ClInclude>
    <ClInclude Include="src\Project\Project.h">
      <Filter>Project</Filter>
    </ClInclude>
    <ClInclude Include="src\Project\ProjectSerializer.h">
      <Filter>Project</Filter>
    </ClInclude>
    <ClInclude Include="src\Scene\Scene.h">
      <Filter>Scene</Filter>
    </ClInclude>
    <ClInclude Include="src\Scene\SceneManager.h">
      <Filter>Scene</Filter>
    </ClInclude>
    <ClInclude Include="src\Scene\SceneSerializer.h">
      <Filter>Scene</Filter>
    </ClInclude>
    <ClInclude Include="src\Scene\UUID.h">
      <Filter>Scene</Filter>
    </ClInclude>
    <ClInclude Include="src\Scripting\ScriptEngine.h">
      <Filter>Scripting</Filter>
    </ClInclude>
    <ClInclude Include="src\Scripting\ScriptGlue.h">
      <Filter>Scripting</Filter>
    </ClInclude>
    <ClInclude Include="src\Scripting\ScriptUtils.h">
      <Filter>Scripting</Filter>
    </ClInclude>
    <ClInclude Include="src\Time.hpp" />
    <ClInclude Include="src\Types\EnumTypes.h">
      <Filter>Types</Filter>
    </ClInclude>
    <ClInclude Include="src\Types\FileExtensions.h">
      <Filter>Types</Filter>
    </ClInclude>
    <ClInclude Include="src\VR\VRMath.h">
      <Filter>VR</Filter>
    </ClInclude>
    <ClInclude Include="src\VR\VRSystem.h">
      <Filter>VR</Filter>
    </ClInclude>
  </ItemGroup>
  <ItemGroup>
    <ClCompile Include="src\AssetHandlers\DDSTextureLoader11.cpp">
      <Filter>AssetHandlers</Filter>
    </ClCompile>
    <ClCompile Include="src\AssetHandlers\FontAssetHandler.cpp">
      <Filter>AssetHandlers</Filter>
    </ClCompile>
    <ClCompile Include="src\AssetHandlers\LightAssetHandler.cpp">
      <Filter>AssetHandlers</Filter>
    </ClCompile>
    <ClCompile Include="src\AssetHandlers\MetaFileHandler.cpp">
      <Filter>AssetHandlers</Filter>
    </ClCompile>
    <ClCompile Include="src\AssetHandlers\ModelAssetHandler.cpp">
      <Filter>AssetHandlers</Filter>
    </ClCompile>
    <ClCompile Include="src\AssetHandlers\ParticleAssetHandler.cpp">
      <Filter>AssetHandlers</Filter>
    </ClCompile>
    <ClCompile Include="src\AssetHandlers\ShaderHandler.cpp">
      <Filter>AssetHandlers</Filter>
    </ClCompile>
    <ClCompile Include="src\AssetHandlers\TextureAssetHandler.cpp">
      <Filter>AssetHandlers</Filter>
    </ClCompile>
    <ClCompile Include="src\Audio\AudioManager.cpp">
      <Filter>Audio</Filter>
    </ClCompile>
    <ClCompile Include="src\Compilers\ShaderCompiler.cpp">
      <Filter>Compilers</Filter>
    </ClCompile>
    <ClCompile Include="src\Components\Camera.cpp">
      <Filter>Components</Filter>
    </ClCompile>
    <ClCompile Include="src\Components\CameraComponent.cpp">
      <Filter>Components</Filter>
    </ClCompile>
    <ClCompile Include="src\Components\CameraController.cpp">
      <Filter>Components</Filter>
    </ClCompile>
    <ClCompile Include="src\Components\Component.cpp">
      <Filter>Components</Filter>
    </ClCompile>
    <ClCompile Include="src\Components\Network\NetworkComponent.cpp">
      <Filter>Components\Network</Filter>
    </ClCompile>
    <ClCompile Include="src\Components\RandomMoverComponent.cpp">
      <Filter>Components</Filter>
    </ClCompile>
    <ClCompile Include="src\Components\TransfromComponent.cpp">
      <Filter>Components</Filter>
    </ClCompile>
    <ClCompile Include="src\Core\Asset\Asset.cpp">
      <Filter>Core\Asset</Filter>
    </ClCompile>
    <ClCompile Include="src\Core\Asset\AssetManager.cpp">
      <Filter>Core\Asset</Filter>
    </ClCompile>
    <ClCompile Include="src\Core\Asset\AssetManagerBase.cpp">
      <Filter>Core\Asset</Filter>
    </ClCompile>
    <ClCompile Include="src\Core\Asset\EditorAssetManager.cpp">
      <Filter>Core\Asset</Filter>
    </ClCompile>
    <ClCompile Include="src\Core\Asset\RuntimeAssetManager.cpp">
      <Filter>Core\Asset</Filter>
    </ClCompile>
    <ClCompile Include="src\Core\FileSystem.cpp">
      <Filter>Core</Filter>
    </ClCompile>
    <ClCompile Include="src\Core\Framework\DX11.cpp">
      <Filter>Core\Framework</Filter>
    </ClCompile>
    <ClCompile Include="src\Core\KeyCodes.cpp">
      <Filter>Core</Filter>
    </ClCompile>
    <ClCompile Include="src\Core\Model\Entity.cpp">
      <Filter>Core\Model</Filter>
    </ClCompile>
    <ClCompile Include="src\Core\Model\Material.cpp">
      <Filter>Core\Model</Filter>
    </ClCompile>
    <ClCompile Include="src\Core\Model\Model.cpp">
      <Filter>Core\Model</Filter>
    </ClCompile>
    <ClCompile Include="src\Core\Model\SceneObject.cpp">
      <Filter>Core\Model</Filter>
    </ClCompile>
    <ClCompile Include="src\Core\Model\ScriptableEntity.cpp">
      <Filter>Core\Model</Filter>
    </ClCompile>
    <ClCompile Include="src\Core\Model\Texture.cpp">
      <Filter>Core\Model</Filter>
    </ClCompile>
    <ClCompile Include="src\Core\Model\Transform.cpp">
      <Filter>Core\Model</Filter>
    </ClCompile>
    <ClCompile Include="src\Core\Rendering\DeferredRenderer.cpp">
      <Filter>Core\Rendering</Filter>
    </ClCompile>
    <ClCompile Include="src\Core\Rendering\ForwardRenderer.cpp">
      <Filter>Core\Rendering</Filter>
    </ClCompile>
    <ClCompile Include="src\Core\Rendering\LineRenderer.cpp">
      <Filter>Core\Rendering</Filter>
    </ClCompile>
    <ClCompile Include="src\Core\Rendering\PixelShader.cpp">
      <Filter>Core\Rendering</Filter>
    </ClCompile>
    <ClCompile Include="src\Core\Rendering\PostProcessRenderer.cpp">
      <Filter>Core\Rendering</Filter>
    </ClCompile>
    <ClCompile Include="src\Core\Rendering\Render2D.cpp">
      <Filter>Core\Rendering</Filter>
    </ClCompile>
    <ClCompile Include="src\Core\Rendering\RenderBuffer.cpp">
      <Filter>Core\Rendering</Filter>
    </ClCompile>
    <ClCompile Include="src\Core\Rendering\RenderTexture.cpp">
      <Filter>Core\Rendering</Filter>
    </ClCompile>
    <ClCompile Include="src\Core\Rendering\Renderer.cpp">
      <Filter>Core\Rendering</Filter>
    </ClCompile>
    <ClCompile Include="src\Core\Rendering\RendererBase.cpp">
      <Filter>Core\Rendering</Filter>
    </ClCompile>
    <ClCompile Include="src\Core\Rendering\ShadowRenderer.cpp">
      <Filter>Core\Rendering</Filter>
    </ClCompile>
    <ClCompile Include="src\Core\Rendering\VertexShader.cpp">
      <Filter>Core\Rendering</Filter>
    </ClCompile>
    <ClCompile Include="src\Debugger\ConsoleHelper.cpp">
      <Filter>Debugger</Filter>
    </ClCompile>
    <ClCompile Include="src\Font\Font.cpp">
      <Filter>Font</Filter>
    </ClCompile>
    <ClCompile Include="src\GraphicsEngine.cpp" />
    <ClCompile Include="src\GraphicsEngine.pch.cpp" />
    <ClCompile Include="src\Input\Input.cpp">
      <Filter>Input</Filter>
    </ClCompile>
    <ClCompile Include="src\Light\DirectionalLight.cpp">
      <Filter>Light</Filter>
    </ClCompile>
    <ClCompile Include="src\Light\EnvironmentLight.cpp">
      <Filter>Light</Filter>
    </ClCompile>
    <ClCompile Include="src\Light\PointLight.cpp">
      <Filter>Light</Filter>
    </ClCompile>
    <ClCompile Include="src\Light\SpotLight.cpp">
      <Filter>Light</Filter>
    </ClCompile>
    <ClCompile Include="src\Managers\CommandManager.cpp">
      <Filter>Managers</Filter>
    </ClCompile>
    <ClCompile Include="src\Particles\ParticleEmitter.cpp">
      <Filter>Particles</Filter>
    </ClCompile>
    <ClCompile Include="src\Particles\ParticleEmitterTemplate.cpp">
      <Filter>Particles</Filter>
    </ClCompile>
    <ClCompile Include="src\Particles\ParticleSystem.cpp">
      <Filter>Particles</Filter>
    </ClCompile>
    <ClCompile Include="src\Physics\JoltPhysics\JoltAPI.cpp">
      <Filter>Physics\JoltPhysics</Filter>
    </ClCompile>
    <ClCompile Include="src\Physics\JoltPhysics\JoltBinaryStream.cpp">
      <Filter>Physics\JoltPhysics</Filter>
    </ClCompile>
    <ClCompile Include="src\Physics\JoltPhysics\JoltBody.cpp">
      <Filter>Physics\JoltPhysics</Filter>
    </ClCompile>
    <ClCompile Include="src\Physics\JoltPhysics\JoltCaptureManager.cpp">
      <Filter>Physics\JoltPhysics</Filter>
    </ClCompile>
    <ClCompile Include="src\Physics\JoltPhysics\JoltCharacterController.cpp">
      <Filter>Physics\JoltPhysics</Filter>
    </ClCompile>
    <ClCompile Include="src\Physics\JoltPhysics\JoltContactListener.cpp">
      <Filter>Physics\JoltPhysics</Filter>
    </ClCompile>
    <ClCompile Include="src\Physics\JoltPhysics\JoltCookingFactory.cpp">
      <Filter>Physics\JoltPhysics</Filter>
    </ClCompile>
    <ClCompile Include="src\Physics\JoltPhysics\JoltLayerInterface.cpp">
      <Filter>Physics\JoltPhysics</Filter>
    </ClCompile>
    <ClCompile Include="src\Physics\JoltPhysics\JoltMaterial.cpp">
      <Filter>Physics\JoltPhysics</Filter>
    </ClCompile>
    <ClCompile Include="src\Physics\JoltPhysics\JoltProfiler.cpp">
      <Filter>Physics\JoltPhysics</Filter>
    </ClCompile>
    <ClCompile Include="src\Physics\JoltPhysics\JoltScene.cpp">
      <Filter>Physics\JoltPhysics</Filter>
    </ClCompile>
    <ClCompile Include="src\Physics\JoltPhysics\JoltShapes.cpp">
      <Filter>Physics\JoltPhysics</Filter>
    </ClCompile>
    <ClCompile Include="src\Physics\JoltPhysics\JoltUtils.cpp">
      <Filter>Physics\JoltPhysics</Filter>
    </ClCompile>
    <ClCompile Include="src\Physics\MeshColliderCache.cpp">
      <Filter>Physics</Filter>
    </ClCompile>
    <ClCompile Include="src\Physics\MeshCookingFactory.cpp">
      <Filter>Physics</Filter>
    </ClCompile>
    <ClCompile Include="src\Physics\PhysicsAPI.cpp">
      <Filter>Physics</Filter>
    </ClCompile>
    <ClCompile Include="src\Physics\PhysicsBody.cpp">
      <Filter>Physics</Filter>
    </ClCompile>
    <ClCompile Include="src\Physics\PhysicsCaptureManager.cpp">
      <Filter>Physics</Filter>
    </ClCompile>
    <ClCompile Include="src\Physics\PhysicsLayer.cpp">
      <Filter>Physics</Filter>
    </ClCompile>
    <ClCompile Include="src\Physics\PhysicsScene.cpp">
      <Filter>Physics</Filter>
    </ClCompile>
    <ClCompile Include="src\Physics\PhysicsShapes.cpp">
      <Filter>Physics</Filter>
    </ClCompile>
    <ClCompile Include="src\Physics\PhysicsSystem.cpp">
      <Filter>Physics</Filter>
    </ClCompile>
    <ClCompile Include="src\Project\Project.cpp">
      <Filter>Project</Filter>
    </ClCompile>
    <ClCompile Include="src\Project\ProjectSerializer.cpp">
      <Filter>Project</Filter>
    </ClCompile>
    <ClCompile Include="src\Scene\Scene.cpp">
      <Filter>Scene</Filter>
    </ClCompile>
    <ClCompile Include="src\Scene\SceneManager.cpp">
      <Filter>Scene</Filter>
    </ClCompile>
    <ClCompile Include="src\Scene\SceneSerializer.cpp">
      <Filter>Scene</Filter>
    </ClCompile>
    <ClCompile Include="src\Scene\UUID.cpp">
      <Filter>Scene</Filter>
    </ClCompile>
    <ClCompile Include="src\Scripting\ScriptEngine.cpp">
      <Filter>Scripting</Filter>
    </ClCompile>
    <ClCompile Include="src\Scripting\ScriptGlue.cpp">
      <Filter>Scripting</Filter>
    </ClCompile>
    <ClCompile Include="src\Scripting\ScriptUtils.cpp">
      <Filter>Scripting</Filter>
    </ClCompile>
    <ClCompile Include="src\VR\VRSystem.cpp">
      <Filter>VR</Filter>
    </ClCompile>
  </ItemGroup>
</Project>