
Microsoft Visual Studio Solution File, Format Version 12.00
# Visual Studio Version 17
VisualStudioVersion = 17.1.32319.34
MinimumVisualStudioVersion = 10.0.40219.1
Project("{8BC9CEB8-8B4A-11D0-8D11-00A0C91BC942}") = "Modelviewer", "Modelviewer\Modelviewer.vcxproj", "{BC0EE161-ACEE-429C-9E4D-8DCE73A697BB}"
EndProject
Project("{8BC9CEB8-8B4A-11D0-8D11-00A0C91BC942}") = "GraphicsEngine", "GraphicsEngine\GraphicsEngine.vcxproj", "{4A14B5D4-9D37-4A37-9D3B-D7B2BAC7B312}"
EndProject
Project("{8BC9CEB8-8B4A-11D0-8D11-00A0C91BC942}") = "Editor", "Editor\Editor.vcxproj", "{E3F6607C-8018-4B48-9053-91824EA3D17E}"
EndProject
Project("{8BC9CEB8-8B4A-11D0-8D11-00A0C91BC942}") = "Game", "Game\Game.vcxproj", "{0E9E3C35-28A3-46BE-B15F-2A5996119188}"
EndProject
Project("{8BC9CEB8-8B4A-11D0-8D11-00A0C91BC942}") = "AudioEngine", "AudioEngine\AudioEngine.vcxproj", "{1A6E280A-A4E9-4DFB-B3E5-D4788B545603}"
EndProject
Project("{8BC9CEB8-8B4A-11D0-8D11-00A0C91BC942}") = "External", "External\Externals.vcxproj", "{D36CECC9-FC34-4DEC-A30D-2280F84D0E4E}"
EndProject
Global
	GlobalSection(SolutionConfigurationPlatforms) = preSolution
		Debug Data|x64 = Debug Data|x64
		Debug Data|x86 = Debug Data|x86
		Debug|x64 = Debug|x64
		Debug|x86 = Debug|x86
		Release|x64 = Release|x64
		Release|x86 = Release|x86
	EndGlobalSection
	GlobalSection(ProjectConfigurationPlatforms) = postSolution
		{BC0EE161-ACEE-429C-9E4D-8DCE73A697BB}.Debug Data|x64.ActiveCfg = Debug|x64
		{BC0EE161-ACEE-429C-9E4D-8DCE73A697BB}.Debug Data|x64.Build.0 = Debug|x64
		{BC0EE161-ACEE-429C-9E4D-8DCE73A697BB}.Debug Data|x86.ActiveCfg = Debug|Win32
		{BC0EE161-ACEE-429C-9E4D-8DCE73A697BB}.Debug Data|x86.Build.0 = Debug|Win32
		{BC0EE161-ACEE-429C-9E4D-8DCE73A697BB}.Debug|x64.ActiveCfg = Debug|x64
		{BC0EE161-ACEE-429C-9E4D-8DCE73A697BB}.Debug|x64.Build.0 = Debug|x64
		{BC0EE161-ACEE-429C-9E4D-8DCE73A697BB}.Debug|x86.ActiveCfg = Debug|Win32
		{BC0EE161-ACEE-429C-9E4D-8DCE73A697BB}.Debug|x86.Build.0 = Debug|Win32
		{BC0EE161-ACEE-429C-9E4D-8DCE73A697BB}.Release|x64.ActiveCfg = Release|x64
		{BC0EE161-ACEE-429C-9E4D-8DCE73A697BB}.Release|x64.Build.0 = Release|x64
		{BC0EE161-ACEE-429C-9E4D-8DCE73A697BB}.Release|x86.ActiveCfg = Release|Win32
		{BC0EE161-ACEE-429C-9E4D-8DCE73A697BB}.Release|x86.Build.0 = Release|Win32
		{4A14B5D4-9D37-4A37-9D3B-D7B2BAC7B312}.Debug Data|x64.ActiveCfg = Debug|x64
		{4A14B5D4-9D37-4A37-9D3B-D7B2BAC7B312}.Debug Data|x64.Build.0 = Debug|x64
		{4A14B5D4-9D37-4A37-9D3B-D7B2BAC7B312}.Debug Data|x86.ActiveCfg = Debug|Win32
		{4A14B5D4-9D37-4A37-9D3B-D7B2BAC7B312}.Debug Data|x86.Build.0 = Debug|Win32
		{4A14B5D4-9D37-4A37-9D3B-D7B2BAC7B312}.Debug|x64.ActiveCfg = Debug|x64
		{4A14B5D4-9D37-4A37-9D3B-D7B2BAC7B312}.Debug|x64.Build.0 = Debug|x64
		{4A14B5D4-9D37-4A37-9D3B-D7B2BAC7B312}.Debug|x86.ActiveCfg = Debug|Win32
		{4A14B5D4-9D37-4A37-9D3B-D7B2BAC7B312}.Debug|x86.Build.0 = Debug|Win32
		{4A14B5D4-9D37-4A37-9D3B-D7B2BAC7B312}.Release|x64.ActiveCfg = Release|x64
		{4A14B5D4-9D37-4A37-9D3B-D7B2BAC7B312}.Release|x64.Build.0 = Release|x64
		{4A14B5D4-9D37-4A37-9D3B-D7B2BAC7B312}.Release|x86.ActiveCfg = Release|Win32
		{4A14B5D4-9D37-4A37-9D3B-D7B2BAC7B312}.Release|x86.Build.0 = Release|Win32
		{E3F6607C-8018-4B48-9053-91824EA3D17E}.Debug Data|x64.ActiveCfg = Debug|x64
		{E3F6607C-8018-4B48-9053-91824EA3D17E}.Debug Data|x64.Build.0 = Debug|x64
		{E3F6607C-8018-4B48-9053-91824EA3D17E}.Debug Data|x86.ActiveCfg = Debug|Win32
		{E3F6607C-8018-4B48-9053-91824EA3D17E}.Debug Data|x86.Build.0 = Debug|Win32
		{E3F6607C-8018-4B48-9053-91824EA3D17E}.Debug|x64.ActiveCfg = Debug|x64
		{E3F6607C-8018-4B48-9053-91824EA3D17E}.Debug|x64.Build.0 = Debug|x64
		{E3F6607C-8018-4B48-9053-91824EA3D17E}.Debug|x86.ActiveCfg = Debug|Win32
		{E3F6607C-8018-4B48-9053-91824EA3D17E}.Debug|x86.Build.0 = Debug|Win32
		{E3F6607C-8018-4B48-9053-91824EA3D17E}.Release|x64.ActiveCfg = Release|x64
		{E3F6607C-8018-4B48-9053-91824EA3D17E}.Release|x64.Build.0 = Release|x64
		{E3F6607C-8018-4B48-9053-91824EA3D17E}.Release|x86.ActiveCfg = Release|Win32
		{E3F6607C-8018-4B48-9053-91824EA3D17E}.Release|x86.Build.0 = Release|Win32
		{0E9E3C35-28A3-46BE-B15F-2A5996119188}.Debug Data|x64.ActiveCfg = Debug|x64
		{0E9E3C35-28A3-46BE-B15F-2A5996119188}.Debug Data|x64.Build.0 = Debug|x64
		{0E9E3C35-28A3-46BE-B15F-2A5996119188}.Debug Data|x86.ActiveCfg = Debug|Win32
		{0E9E3C35-28A3-46BE-B15F-2A5996119188}.Debug Data|x86.Build.0 = Debug|Win32
		{0E9E3C35-28A3-46BE-B15F-2A5996119188}.Debug|x64.ActiveCfg = Debug|x64
		{0E9E3C35-28A3-46BE-B15F-2A5996119188}.Debug|x64.Build.0 = Debug|x64
		{0E9E3C35-28A3-46BE-B15F-2A5996119188}.Debug|x86.ActiveCfg = Debug|Win32
		{0E9E3C35-28A3-46BE-B15F-2A5996119188}.Debug|x86.Build.0 = Debug|Win32
		{0E9E3C35-28A3-46BE-B15F-2A5996119188}.Release|x64.ActiveCfg = Release|x64
		{0E9E3C35-28A3-46BE-B15F-2A5996119188}.Release|x64.Build.0 = Release|x64
		{0E9E3C35-28A3-46BE-B15F-2A5996119188}.Release|x86.ActiveCfg = Release|Win32
		{0E9E3C35-28A3-46BE-B15F-2A5996119188}.Release|x86.Build.0 = Release|Win32
		{1A6E280A-A4E9-4DFB-B3E5-D4788B545603}.Debug Data|x64.ActiveCfg = Debug|x64
		{1A6E280A-A4E9-4DFB-B3E5-D4788B545603}.Debug Data|x64.Build.0 = Debug|x64
		{1A6E280A-A4E9-4DFB-B3E5-D4788B545603}.Debug Data|x86.ActiveCfg = Debug|Win32
		{1A6E280A-A4E9-4DFB-B3E5-D4788B545603}.Debug Data|x86.Build.0 = Debug|Win32
		{1A6E280A-A4E9-4DFB-B3E5-D4788B545603}.Debug|x64.ActiveCfg = Debug|x64
		{1A6E280A-A4E9-4DFB-B3E5-D4788B545603}.Debug|x64.Build.0 = Debug|x64
		{1A6E280A-A4E9-4DFB-B3E5-D4788B545603}.Debug|x86.ActiveCfg = Debug|Win32
		{1A6E280A-A4E9-4DFB-B3E5-D4788B545603}.Debug|x86.Build.0 = Debug|Win32
		{1A6E280A-A4E9-4DFB-B3E5-D4788B545603}.Release|x64.ActiveCfg = Release|x64
		{1A6E280A-A4E9-4DFB-B3E5-D4788B545603}.Release|x64.Build.0 = Release|x64
		{1A6E280A-A4E9-4DFB-B3E5-D4788B545603}.Release|x86.ActiveCfg = Release|Win32
		{1A6E280A-A4E9-4DFB-B3E5-D4788B545603}.Release|x86.Build.0 = Release|Win32
		{D36CECC9-FC34-4DEC-A30D-2280F84D0E4E}.Debug Data|x64.ActiveCfg = Debug|x64
		{D36CECC9-FC34-4DEC-A30D-2280F84D0E4E}.Debug Data|x64.Build.0 = Debug|x64
		{D36CECC9-FC34-4DEC-A30D-2280F84D0E4E}.Debug Data|x86.ActiveCfg = Debug|x64
		{D36CECC9-FC34-4DEC-A30D-2280F84D0E4E}.Debug Data|x86.Build.0 = Debug|x64
		{D36CECC9-FC34-4DEC-A30D-2280F84D0E4E}.Debug|x64.ActiveCfg = Debug|x64
		{D36CECC9-FC34-4DEC-A30D-2280F84D0E4E}.Debug|x64.Build.0 = Debug|x64
		{D36CECC9-FC34-4DEC-A30D-2280F84D0E4E}.Debug|x86.ActiveCfg = Debug|x64
		{D36CECC9-FC34-4DEC-A30D-2280F84D0E4E}.Debug|x86.Build.0 = Debug|x64
		{D36CECC9-FC34-4DEC-A30D-2280F84D0E4E}.Release|x64.ActiveCfg = Release|x64
		{D36CECC9-FC34-4DEC-A30D-2280F84D0E4E}.Release|x64.Build.0 = Release|x64
		{D36CECC9-FC34-4DEC-A30D-2280F84D0E4E}.Release|x86.ActiveCfg = Release|x64
		{D36CECC9-FC34-4DEC-A30D-2280F84D0E4E}.Release|x86.Build.0 = Release|x64
	EndGlobalSection
	GlobalSection(SolutionProperties) = preSolution
		HideSolutionNode = FALSE
	EndGlobalSection
	GlobalSection(ExtensibilityGlobals) = postSolution
		SolutionGuid = {6291F018-61C1-4285-ACFA-72300622B6CB}
	EndGlobalSection
EndGlobal
